
Microsoft Visual Studio Solution File, Format Version 12.00
# Visual Studio 15
VisualStudioVersion = 15.0.28307.136
MinimumVisualStudioVersion = 10.0.40219.1
Project("{8BC9CEB8-8B4A-11D0-8D11-00A0C91BC942}") = "11：旋转数组的最小数字", "11：旋转数组的最小数字\11：旋转数组的最小数字.vcxproj", "{672D2ACE-9529-433D-81A0-3664345FC63B}"
EndProject
Project("{8BC9CEB8-8B4A-11D0-8D11-00A0C91BC942}") = "12：矩阵中的路径", "12：矩阵中的路径\12：矩阵中的路径.vcxproj", "{DF8B9B25-5737-45CC-B30D-870623A083AC}"
EndProject
Project("{8BC9CEB8-8B4A-11D0-8D11-00A0C91BC942}") = "13：机器人的运动范围", "13：机器人的运动范围\13：机器人的运动范围.vcxproj", "{BEC78C56-6F1C-4F9C-A85D-FB92FA893374}"
EndProject
Project("{8BC9CEB8-8B4A-11D0-8D11-00A0C91BC942}") = "14：剪绳子", "14：剪绳子\14：剪绳子.vcxproj", "{D1B273CE-C50F-4924-8F1C-911535AE8085}"
EndProject
Project("{8BC9CEB8-8B4A-11D0-8D11-00A0C91BC942}") = "15：二进制中1的个数", "15：二进制中1的个数\15：二进制中1的个数.vcxproj", "{4EBC0E40-49A9-46FA-840E-7D4C7625BBB3}"
EndProject
Project("{8BC9CEB8-8B4A-11D0-8D11-00A0C91BC942}") = "16：数值的整数次方", "16：数值的整数次方\16：数值的整数次方.vcxproj", "{3AD4F07C-BE81-46F9-A2A1-8F3F7FB90911}"
EndProject
Project("{8BC9CEB8-8B4A-11D0-8D11-00A0C91BC942}") = "17：打印从1到最大的n位数", "17：打印从1到最大的n位数\17：打印从1到最大的n位数.vcxproj", "{07B7867E-1F89-4E29-B044-E9D15C4E8155}"
EndProject
Project("{8BC9CEB8-8B4A-11D0-8D11-00A0C91BC942}") = "18：删除链表中的节点", "18：删除链表中的节点\18：删除链表中的节点.vcxproj", "{082E13C0-63AE-4112-A787-CD22A9A11AE3}"
EndProject
Project("{8BC9CEB8-8B4A-11D0-8D11-00A0C91BC942}") = "19：正则表达式匹配", "19：正则表达式匹配\19：正则表达式匹配.vcxproj", "{67925CF3-0F60-4900-80C3-BB9E9A423B27}"
EndProject
Project("{8BC9CEB8-8B4A-11D0-8D11-00A0C91BC942}") = "20：表示数值的字符串", "20：表示数值的字符串\20：表示数值的字符串.vcxproj", "{8618319F-5982-4CAA-88C8-AB25AA354D98}"
EndProject
Project("{8BC9CEB8-8B4A-11D0-8D11-00A0C91BC942}") = "21：调整数组顺序使奇数位于偶数前面", "21：调整数组顺序使奇数位于偶数前面\21：调整数组顺序使奇数位于偶数前面.vcxproj", "{464BEA43-F4EB-4969-B8E2-C0704FA5BCE7}"
EndProject
Project("{8BC9CEB8-8B4A-11D0-8D11-00A0C91BC942}") = "22：链表中倒数第k个节点", "22：链表中倒数第k个节点\22：链表中倒数第k个节点.vcxproj", "{B237AC67-3103-4921-9C5A-1062C1B703E1}"
EndProject
Project("{8BC9CEB8-8B4A-11D0-8D11-00A0C91BC942}") = "23：链表中环的入口节点", "23：链表中环的入口节点\23：链表中环的入口节点.vcxproj", "{045B3112-EC72-474E-BE51-B6D4C6C36EB2}"
EndProject
Project("{8BC9CEB8-8B4A-11D0-8D11-00A0C91BC942}") = "24：反转链表", "24：反转链表\24：反转链表.vcxproj", "{0B6A83AE-8F40-4799-A8C3-0213A1C7B73A}"
EndProject
Project("{8BC9CEB8-8B4A-11D0-8D11-00A0C91BC942}") = "26：树的子结构", "26：树的子结构\26：树的子结构.vcxproj", "{D4AB2E93-69BC-4FA2-8750-FCAD179BDC86}"
EndProject
Project("{8BC9CEB8-8B4A-11D0-8D11-00A0C91BC942}") = "27：二叉树的镜像", "27：二叉树的镜像\27：二叉树的镜像.vcxproj", "{6A2DBF40-114C-4605-A527-130AFD843975}"
EndProject
Project("{8BC9CEB8-8B4A-11D0-8D11-00A0C91BC942}") = "28：对称的二叉树", "28：对称的二叉树\28：对称的二叉树.vcxproj", "{7DB41D63-D007-42D1-A206-223CE55BCDEF}"
EndProject
Project("{8BC9CEB8-8B4A-11D0-8D11-00A0C91BC942}") = "29：顺时针打印矩阵", "29：顺时针打印矩阵\29：顺时针打印矩阵.vcxproj", "{06343FBD-2B03-44DC-AA39-C1C31B188373}"
EndProject
Project("{8BC9CEB8-8B4A-11D0-8D11-00A0C91BC942}") = "30：包含min函数的栈", "30：包含min函数的栈\30：包含min函数的栈.vcxproj", "{B0C00D8C-63C6-4982-A3A6-285C5B71DFB8}"
EndProject
Project("{8BC9CEB8-8B4A-11D0-8D11-00A0C91BC942}") = "31：栈的压入、弹出序列", "31：栈的压入、弹出序列\31：栈的压入、弹出序列.vcxproj", "{2A863B72-0051-41B0-B4DF-CF8098A2A6A1}"
EndProject
Project("{8BC9CEB8-8B4A-11D0-8D11-00A0C91BC942}") = "33：二叉搜索树的后序遍历序列", "33：二叉搜索树的后序遍历序列\33：二叉搜索树的后序遍历序列.vcxproj", "{9DACF427-B643-43D2-9B0C-8A04F637DE3D}"
EndProject
Project("{8BC9CEB8-8B4A-11D0-8D11-00A0C91BC942}") = "34：二叉树中和为某一值的路径", "34：二叉树中和为某一值的路径\34：二叉树中和为某一值的路径.vcxproj", "{8019D11F-0C36-4B4F-9670-F47A6CECCE8F}"
EndProject
Project("{8BC9CEB8-8B4A-11D0-8D11-00A0C91BC942}") = "25：合并两个排序的链表", "25：合并两个排序的链表\25：合并两个排序的链表.vcxproj", "{6C825F22-FA88-4E07-B894-DD67CCC668A4}"
EndProject
Project("{8BC9CEB8-8B4A-11D0-8D11-00A0C91BC942}") = "35：复杂链表的复制", "35：复杂链表的复制\35：复杂链表的复制.vcxproj", "{09999F48-FA5F-4B26-B8B4-37749D6CE528}"
EndProject
Project("{8BC9CEB8-8B4A-11D0-8D11-00A0C91BC942}") = "36：二叉搜索树与双向链表", "36：二叉搜索树与双向链表\36：二叉搜索树与双向链表.vcxproj", "{83E20756-9257-408F-930F-CDCE4D04E013}"
EndProject
Project("{8BC9CEB8-8B4A-11D0-8D11-00A0C91BC942}") = "37：序列化二叉树", "37：序列化二叉树\37：序列化二叉树.vcxproj", "{773A73C9-CD60-4795-92A3-45B225B42D40}"
EndProject
Project("{8BC9CEB8-8B4A-11D0-8D11-00A0C91BC942}") = "38：字符串的排列", "38：字符串的排列\38：字符串的排列.vcxproj", "{DFC770A3-4F6D-4C1D-8F8F-742871CA8408}"
EndProject
Project("{8BC9CEB8-8B4A-11D0-8D11-00A0C91BC942}") = "39：数组中出现次数超过一半的数字", "39：数组中出现次数超过一半的数字\39：数组中出现次数超过一半的数字.vcxproj", "{10F59D87-170B-40D4-ACC0-F1D8D646CFE5}"
EndProject
Project("{8BC9CEB8-8B4A-11D0-8D11-00A0C91BC942}") = "40：最小的k个数", "40：最小的k个数\40：最小的k个数.vcxproj", "{5BBF4935-BC91-43BD-87F0-6BBC7FD9404F}"
EndProject
Project("{8BC9CEB8-8B4A-11D0-8D11-00A0C91BC942}") = "41：数据流中的中位数", "41：数据流中的中位数\41：数据流中的中位数.vcxproj", "{561F1413-106E-4D2A-9841-3B8DB533D698}"
EndProject
Project("{8BC9CEB8-8B4A-11D0-8D11-00A0C91BC942}") = "42：连续子数组的最大和", "42：连续子数组的最大和\42：连续子数组的最大和.vcxproj", "{B6481CC7-533A-43A6-8F9D-46EA12CC4034}"
EndProject
Project("{8BC9CEB8-8B4A-11D0-8D11-00A0C91BC942}") = "43：1-n整数中1出现的次数", "43：1-n整数中1出现的次数\43：1-n整数中1出现的次数.vcxproj", "{5E6B65F0-D267-4782-A4F2-FB34D49EA222}"
EndProject
Project("{8BC9CEB8-8B4A-11D0-8D11-00A0C91BC942}") = "44：数字序列中某一位的数字", "44：数字序列中某一位的数字\44：数字序列中某一位的数字.vcxproj", "{0A1A6BFC-CFDE-43B0-B138-857F240A47AF}"
EndProject
Project("{8BC9CEB8-8B4A-11D0-8D11-00A0C91BC942}") = "45：把数组排成最小的数", "45：把数组排成最小的数\45：把数组排成最小的数.vcxproj", "{19E5139F-02C2-4C24-99B8-4E63FF684450}"
EndProject
Project("{8BC9CEB8-8B4A-11D0-8D11-00A0C91BC942}") = "46：把数字翻译成字符串", "46：把数字翻译成字符串\46：把数字翻译成字符串.vcxproj", "{3D65CD4B-F78D-4729-B086-600333DEE5A2}"
EndProject
Project("{8BC9CEB8-8B4A-11D0-8D11-00A0C91BC942}") = "47：礼物的最大价值", "47：礼物的最大价值\47：礼物的最大价值.vcxproj", "{A87D02CE-9CC9-4A9A-B983-26C2CC3F530C}"
EndProject
Project("{8BC9CEB8-8B4A-11D0-8D11-00A0C91BC942}") = "48：丑数", "48：丑数\48：丑数.vcxproj", "{78144FD6-DCE0-400E-B261-EBD577B4EA8A}"
EndProject
Project("{8BC9CEB8-8B4A-11D0-8D11-00A0C91BC942}") = "50：第一次只出现一次的字符", "50：第一次只出现一次的字符\50：第一次只出现一次的字符.vcxproj", "{43BC2EBD-BCDA-4479-9BA7-ECDF84AA17C3}"
EndProject
Project("{8BC9CEB8-8B4A-11D0-8D11-00A0C91BC942}") = "51：数组中的逆序对", "51：数组中的逆序对\51：数组中的逆序对.vcxproj", "{129F0CE1-CC70-48EF-951F-64CD1FCEB153}"
EndProject
Project("{8BC9CEB8-8B4A-11D0-8D11-00A0C91BC942}") = "52：两个链表中的第一个公共节点", "52：两个链表中的第一个公共节点\52：两个链表中的第一个公共节点.vcxproj", "{9E2ED8D0-7E59-4329-AC7D-D40ACB08670C}"
EndProject
Project("{8BC9CEB8-8B4A-11D0-8D11-00A0C91BC942}") = "63：股票的最大利润", "63：股票的最大利润\63：股票的最大利润.vcxproj", "{8FB7B293-DA23-493F-938F-E77CADBB9877}"
EndProject
Project("{8BC9CEB8-8B4A-11D0-8D11-00A0C91BC942}") = "00：基本数据结构与算法", "0：基本数据结构与算法\0：基本数据结构与算法.vcxproj", "{1FE78500-A42B-40FD-8BFF-36D4741B2B56}"
EndProject
Project("{8BC9CEB8-8B4A-11D0-8D11-00A0C91BC942}") = "53：在排序数组中查找数字", "53：在排序数组中查找数字\53：在排序数组中查找数字.vcxproj", "{68289743-F09C-40BA-A9E0-E5C17EC213D5}"
EndProject
Project("{8BC9CEB8-8B4A-11D0-8D11-00A0C91BC942}") = "54：二叉搜索树的第k大节点", "54：二叉搜索树的第k大节点\54：二叉搜索树的第k大节点.vcxproj", "{1DB6BC15-B020-4842-8137-C9FF3D29D64E}"
EndProject
Project("{8BC9CEB8-8B4A-11D0-8D11-00A0C91BC942}") = "55：二叉树的深度", "55：二叉树的深度\55：二叉树的深度.vcxproj", "{048AD3E6-7BEE-4B26-9633-95BA572ECF82}"
EndProject
Project("{8BC9CEB8-8B4A-11D0-8D11-00A0C91BC942}") = "56：数组中只出现一次的两个数字", "56：数组中只出现一次的两个数字\56：数组中只出现一次的两个数字.vcxproj", "{7002D2E2-4B7E-4AA6-BCA6-3A12624C168A}"
EndProject
Project("{8BC9CEB8-8B4A-11D0-8D11-00A0C91BC942}") = "58：①翻转单词顺序", "58：①翻转单词顺序\58：①翻转单词顺序.vcxproj", "{E50A97CF-C05B-472F-8CD0-1FACC0B8AEA3}"
EndProject
Project("{8BC9CEB8-8B4A-11D0-8D11-00A0C91BC942}") = "58：②左旋字符串", "58：②左旋字符串\58：②左旋字符串.vcxproj", "{C9F7E2AC-002B-4D15-ACE7-7D85350D8480}"
EndProject
Project("{8BC9CEB8-8B4A-11D0-8D11-00A0C91BC942}") = "59：①滑动窗口的最大值", "59：①滑动窗口的最大值\59：①滑动窗口的最大值.vcxproj", "{75F9AEFB-188B-4062-A5CE-56F8EEBDB52E}"
EndProject
Project("{8BC9CEB8-8B4A-11D0-8D11-00A0C91BC942}") = "61：扑克牌中的顺子", "61：扑克牌中的顺子\61：扑克牌中的顺子.vcxproj", "{6369AC33-FCC0-4CF4-B145-73644DAFC90F}"
EndProject
Project("{8BC9CEB8-8B4A-11D0-8D11-00A0C91BC942}") = "62：圆圈中最后剩下的数字", "62：圆圈中最后剩下的数字\62：圆圈中最后剩下的数字.vcxproj", "{62C9B9CE-50F2-4454-9B71-44B97107EA7F}"
EndProject
Project("{8BC9CEB8-8B4A-11D0-8D11-00A0C91BC942}") = "57：②和为s的连续正数序列", "57：②和为s的连续正数序列\57：②和为s的连续正数序列.vcxproj", "{2462F6C2-CD0B-474A-927D-90B71559754F}"
EndProject
Project("{8BC9CEB8-8B4A-11D0-8D11-00A0C91BC942}") = "57：①和为s的连续正数序列", "57：①和为s的连续正数序列\57：①和为s的连续正数序列.vcxproj", "{753963D2-1EEE-478D-98C2-B9C4A18E1BDF}"
EndProject
Project("{8BC9CEB8-8B4A-11D0-8D11-00A0C91BC942}") = "03：数组中重复的数字", "03：数组中重复的数字\03：数组中重复的数字.vcxproj", "{4C68F98B-2C64-434D-9788-74449493A5A8}"
EndProject
Project("{8BC9CEB8-8B4A-11D0-8D11-00A0C91BC942}") = "08：二叉树的下一个节点", "08：二叉树的下一个节点\08：二叉树的下一个节点.vcxproj", "{85F1AA3E-3204-4BF3-AF8A-D4B2156D9F6B}"
EndProject
Project("{8BC9CEB8-8B4A-11D0-8D11-00A0C91BC942}") = "06：从尾到头打印链表", "06：从尾到头打印链表\06：从尾到头打印链表.vcxproj", "{A33D1AD0-6A16-42A1-B993-0C34D5318CCC}"
EndProject
Project("{8BC9CEB8-8B4A-11D0-8D11-00A0C91BC942}") = "10：①求斐波拉契数列的第n项", "10：①求斐波拉契数列的第n项\10：①求斐波拉契数列的第n项.vcxproj", "{0B77D410-A914-4BD7-8D70-EB5FBBD40131}"
EndProject
Project("{8BC9CEB8-8B4A-11D0-8D11-00A0C91BC942}") = "10：②青蛙跳台阶问题", "10：②青蛙跳台阶问题\10：②青蛙跳台阶问题.vcxproj", "{B1D4491C-032E-467F-84D1-2F8F51C3A635}"
EndProject
Project("{8BC9CEB8-8B4A-11D0-8D11-00A0C91BC942}") = "10：③变态跳台阶", "10：③变态跳台阶\10：③变态跳台阶.vcxproj", "{A40DA3AC-D514-44E7-B2DE-8F1923DB64F1}"
EndProject
Project("{8BC9CEB8-8B4A-11D0-8D11-00A0C91BC942}") = "10：④矩形覆盖", "10：④矩形覆盖\10：④矩形覆盖.vcxproj", "{6F6A2EB6-111E-4B97-8270-776D2602DD8C}"
EndProject
Project("{8BC9CEB8-8B4A-11D0-8D11-00A0C91BC942}") = "07：重建二叉树", "07：重建二叉树\07：重建二叉树.vcxproj", "{5C52B122-A889-4B8F-8CC1-470959B8361A}"
EndProject
Project("{8BC9CEB8-8B4A-11D0-8D11-00A0C91BC942}") = "09：用两个栈实现队列", "09：用两个栈实现队列\09：用两个栈实现队列.vcxproj", "{1BDC3315-3181-4FEC-8CE6-31592ACC3F9C}"
EndProject
Project("{8BC9CEB8-8B4A-11D0-8D11-00A0C91BC942}") = "32：①从上到下打印二叉树", "32：①从上到下打印二叉树\32：①从上到下打印二叉树.vcxproj", "{24FFF3C2-B808-40BC-B5B7-129CB3C876F3}"
EndProject
Project("{8BC9CEB8-8B4A-11D0-8D11-00A0C91BC942}") = "32：②分行从上打印二叉树", "32：②分行从上打印二叉树\32：②分行从上打印二叉树.vcxproj", "{39651EF9-FF50-4C54-AFD4-DC0B4B1A5582}"
EndProject
Project("{8BC9CEB8-8B4A-11D0-8D11-00A0C91BC942}") = "32：③之字形打印二叉树", "32：③之字形打印二叉树\32：③之字形打印二叉树.vcxproj", "{A2CEC07C-779A-4CDB-888D-6F3BB0F8826B}"
EndProject
Project("{8BC9CEB8-8B4A-11D0-8D11-00A0C91BC942}") = "65：不用加减乘除做加法", "65：不用加减乘除做加法\65：不用加减乘除做加法.vcxproj", "{1F209B91-D1A5-4F8D-8AF8-B44E89458EEA}"
EndProject
Project("{8BC9CEB8-8B4A-11D0-8D11-00A0C91BC942}") = "66：构建乘积数组", "66：构建乘积数组\66：构建乘积数组.vcxproj", "{E6E09287-7165-4432-8B36-6AC0AF04A4EE}"
EndProject
Project("{8BC9CEB8-8B4A-11D0-8D11-00A0C91BC942}") = "67：把字符串转换成整数", "67：把字符串转换成整数\67：把字符串转换成整数.vcxproj", "{99A64A00-1B8F-4F0A-BC2E-A70166AEE415}"
EndProject
Project("{8BC9CEB8-8B4A-11D0-8D11-00A0C91BC942}") = "64：求1+2+3+_+n", "64：求1+2+3+_+n\64：求1+2+3+_+n.vcxproj", "{2E78C4AD-8C86-4AAA-85F9-939A60FB0750}"
EndProject
Project("{8BC9CEB8-8B4A-11D0-8D11-00A0C91BC942}") = "68：①二叉搜索树的最小公共祖先", "68：①二叉搜索树的最小公共祖先\68：①二叉搜索树的最小公共祖先.vcxproj", "{110F9593-DC01-4824-9716-1320B44248F1}"
EndProject
Project("{8BC9CEB8-8B4A-11D0-8D11-00A0C91BC942}") = "68：②二叉树的最小公共祖先", "68：②二叉树的最小公共祖先\68：②二叉树的最小公共祖先.vcxproj", "{A08E95CB-86FC-4179-84DD-2963C5BC884D}"
EndProject
Project("{8BC9CEB8-8B4A-11D0-8D11-00A0C91BC942}") = "90_字节跳动_01", "90_字节跳动_01\90_字节跳动_01.vcxproj", "{E413C21A-F4D6-4A62-AAA8-3D35BF989073}"
EndProject
Project("{8BC9CEB8-8B4A-11D0-8D11-00A0C91BC942}") = "91_字节跳动_02", "91_字节跳动_02\91_字节跳动_02.vcxproj", "{7CDFFBE4-5D3A-4CDC-ABFF-C6ACED7E1E3C}"
EndProject
Project("{8BC9CEB8-8B4A-11D0-8D11-00A0C91BC942}") = "92_字节跳动_03", "92_字节跳动_03\92_字节跳动_03.vcxproj", "{8A7D9E78-2E85-436B-8909-90FBCF2A06ED}"
EndProject
Project("{8BC9CEB8-8B4A-11D0-8D11-00A0C91BC942}") = "01：赋值运算符号函数", "01：赋值运算符号函数\01：赋值运算符号函数.vcxproj", "{0E026056-5CE5-4DDF-9662-7C3E3C3C98CC}"
EndProject
Project("{8BC9CEB8-8B4A-11D0-8D11-00A0C91BC942}") = "02：实现Singleton模式", "02：实现Singleton模式\02：实现Singleton模式.vcxproj", "{F2E51E88-B172-4737-BEC4-542DDC7C09EC}"
EndProject
Global
	GlobalSection(SolutionConfigurationPlatforms) = preSolution
		Debug|x64 = Debug|x64
		Debug|x86 = Debug|x86
		Release|x64 = Release|x64
		Release|x86 = Release|x86
	EndGlobalSection
	GlobalSection(ProjectConfigurationPlatforms) = postSolution
		{672D2ACE-9529-433D-81A0-3664345FC63B}.Debug|x64.ActiveCfg = Debug|x64
		{672D2ACE-9529-433D-81A0-3664345FC63B}.Debug|x64.Build.0 = Debug|x64
		{672D2ACE-9529-433D-81A0-3664345FC63B}.Debug|x86.ActiveCfg = Debug|Win32
		{672D2ACE-9529-433D-81A0-3664345FC63B}.Debug|x86.Build.0 = Debug|Win32
		{672D2ACE-9529-433D-81A0-3664345FC63B}.Release|x64.ActiveCfg = Release|x64
		{672D2ACE-9529-433D-81A0-3664345FC63B}.Release|x64.Build.0 = Release|x64
		{672D2ACE-9529-433D-81A0-3664345FC63B}.Release|x86.ActiveCfg = Release|Win32
		{672D2ACE-9529-433D-81A0-3664345FC63B}.Release|x86.Build.0 = Release|Win32
		{DF8B9B25-5737-45CC-B30D-870623A083AC}.Debug|x64.ActiveCfg = Debug|x64
		{DF8B9B25-5737-45CC-B30D-870623A083AC}.Debug|x64.Build.0 = Debug|x64
		{DF8B9B25-5737-45CC-B30D-870623A083AC}.Debug|x86.ActiveCfg = Debug|Win32
		{DF8B9B25-5737-45CC-B30D-870623A083AC}.Debug|x86.Build.0 = Debug|Win32
		{DF8B9B25-5737-45CC-B30D-870623A083AC}.Release|x64.ActiveCfg = Release|x64
		{DF8B9B25-5737-45CC-B30D-870623A083AC}.Release|x64.Build.0 = Release|x64
		{DF8B9B25-5737-45CC-B30D-870623A083AC}.Release|x86.ActiveCfg = Release|Win32
		{DF8B9B25-5737-45CC-B30D-870623A083AC}.Release|x86.Build.0 = Release|Win32
		{BEC78C56-6F1C-4F9C-A85D-FB92FA893374}.Debug|x64.ActiveCfg = Debug|x64
		{BEC78C56-6F1C-4F9C-A85D-FB92FA893374}.Debug|x64.Build.0 = Debug|x64
		{BEC78C56-6F1C-4F9C-A85D-FB92FA893374}.Debug|x86.ActiveCfg = Debug|Win32
		{BEC78C56-6F1C-4F9C-A85D-FB92FA893374}.Debug|x86.Build.0 = Debug|Win32
		{BEC78C56-6F1C-4F9C-A85D-FB92FA893374}.Release|x64.ActiveCfg = Release|x64
		{BEC78C56-6F1C-4F9C-A85D-FB92FA893374}.Release|x64.Build.0 = Release|x64
		{BEC78C56-6F1C-4F9C-A85D-FB92FA893374}.Release|x86.ActiveCfg = Release|Win32
		{BEC78C56-6F1C-4F9C-A85D-FB92FA893374}.Release|x86.Build.0 = Release|Win32
		{D1B273CE-C50F-4924-8F1C-911535AE8085}.Debug|x64.ActiveCfg = Debug|x64
		{D1B273CE-C50F-4924-8F1C-911535AE8085}.Debug|x64.Build.0 = Debug|x64
		{D1B273CE-C50F-4924-8F1C-911535AE8085}.Debug|x86.ActiveCfg = Debug|Win32
		{D1B273CE-C50F-4924-8F1C-911535AE8085}.Debug|x86.Build.0 = Debug|Win32
		{D1B273CE-C50F-4924-8F1C-911535AE8085}.Release|x64.ActiveCfg = Release|x64
		{D1B273CE-C50F-4924-8F1C-911535AE8085}.Release|x64.Build.0 = Release|x64
		{D1B273CE-C50F-4924-8F1C-911535AE8085}.Release|x86.ActiveCfg = Release|Win32
		{D1B273CE-C50F-4924-8F1C-911535AE8085}.Release|x86.Build.0 = Release|Win32
		{4EBC0E40-49A9-46FA-840E-7D4C7625BBB3}.Debug|x64.ActiveCfg = Debug|x64
		{4EBC0E40-49A9-46FA-840E-7D4C7625BBB3}.Debug|x64.Build.0 = Debug|x64
		{4EBC0E40-49A9-46FA-840E-7D4C7625BBB3}.Debug|x86.ActiveCfg = Debug|Win32
		{4EBC0E40-49A9-46FA-840E-7D4C7625BBB3}.Debug|x86.Build.0 = Debug|Win32
		{4EBC0E40-49A9-46FA-840E-7D4C7625BBB3}.Release|x64.ActiveCfg = Release|x64
		{4EBC0E40-49A9-46FA-840E-7D4C7625BBB3}.Release|x64.Build.0 = Release|x64
		{4EBC0E40-49A9-46FA-840E-7D4C7625BBB3}.Release|x86.ActiveCfg = Release|Win32
		{4EBC0E40-49A9-46FA-840E-7D4C7625BBB3}.Release|x86.Build.0 = Release|Win32
		{3AD4F07C-BE81-46F9-A2A1-8F3F7FB90911}.Debug|x64.ActiveCfg = Debug|x64
		{3AD4F07C-BE81-46F9-A2A1-8F3F7FB90911}.Debug|x64.Build.0 = Debug|x64
		{3AD4F07C-BE81-46F9-A2A1-8F3F7FB90911}.Debug|x86.ActiveCfg = Debug|Win32
		{3AD4F07C-BE81-46F9-A2A1-8F3F7FB90911}.Debug|x86.Build.0 = Debug|Win32
		{3AD4F07C-BE81-46F9-A2A1-8F3F7FB90911}.Release|x64.ActiveCfg = Release|x64
		{3AD4F07C-BE81-46F9-A2A1-8F3F7FB90911}.Release|x64.Build.0 = Release|x64
		{3AD4F07C-BE81-46F9-A2A1-8F3F7FB90911}.Release|x86.ActiveCfg = Release|Win32
		{3AD4F07C-BE81-46F9-A2A1-8F3F7FB90911}.Release|x86.Build.0 = Release|Win32
		{07B7867E-1F89-4E29-B044-E9D15C4E8155}.Debug|x64.ActiveCfg = Debug|x64
		{07B7867E-1F89-4E29-B044-E9D15C4E8155}.Debug|x64.Build.0 = Debug|x64
		{07B7867E-1F89-4E29-B044-E9D15C4E8155}.Debug|x86.ActiveCfg = Debug|Win32
		{07B7867E-1F89-4E29-B044-E9D15C4E8155}.Debug|x86.Build.0 = Debug|Win32
		{07B7867E-1F89-4E29-B044-E9D15C4E8155}.Release|x64.ActiveCfg = Release|x64
		{07B7867E-1F89-4E29-B044-E9D15C4E8155}.Release|x64.Build.0 = Release|x64
		{07B7867E-1F89-4E29-B044-E9D15C4E8155}.Release|x86.ActiveCfg = Release|Win32
		{07B7867E-1F89-4E29-B044-E9D15C4E8155}.Release|x86.Build.0 = Release|Win32
		{082E13C0-63AE-4112-A787-CD22A9A11AE3}.Debug|x64.ActiveCfg = Debug|x64
		{082E13C0-63AE-4112-A787-CD22A9A11AE3}.Debug|x64.Build.0 = Debug|x64
		{082E13C0-63AE-4112-A787-CD22A9A11AE3}.Debug|x86.ActiveCfg = Debug|Win32
		{082E13C0-63AE-4112-A787-CD22A9A11AE3}.Debug|x86.Build.0 = Debug|Win32
		{082E13C0-63AE-4112-A787-CD22A9A11AE3}.Release|x64.ActiveCfg = Release|x64
		{082E13C0-63AE-4112-A787-CD22A9A11AE3}.Release|x64.Build.0 = Release|x64
		{082E13C0-63AE-4112-A787-CD22A9A11AE3}.Release|x86.ActiveCfg = Release|Win32
		{082E13C0-63AE-4112-A787-CD22A9A11AE3}.Release|x86.Build.0 = Release|Win32
		{67925CF3-0F60-4900-80C3-BB9E9A423B27}.Debug|x64.ActiveCfg = Debug|x64
		{67925CF3-0F60-4900-80C3-BB9E9A423B27}.Debug|x64.Build.0 = Debug|x64
		{67925CF3-0F60-4900-80C3-BB9E9A423B27}.Debug|x86.ActiveCfg = Debug|Win32
		{67925CF3-0F60-4900-80C3-BB9E9A423B27}.Debug|x86.Build.0 = Debug|Win32
		{67925CF3-0F60-4900-80C3-BB9E9A423B27}.Release|x64.ActiveCfg = Release|x64
		{67925CF3-0F60-4900-80C3-BB9E9A423B27}.Release|x64.Build.0 = Release|x64
		{67925CF3-0F60-4900-80C3-BB9E9A423B27}.Release|x86.ActiveCfg = Release|Win32
		{67925CF3-0F60-4900-80C3-BB9E9A423B27}.Release|x86.Build.0 = Release|Win32
		{8618319F-5982-4CAA-88C8-AB25AA354D98}.Debug|x64.ActiveCfg = Debug|x64
		{8618319F-5982-4CAA-88C8-AB25AA354D98}.Debug|x64.Build.0 = Debug|x64
		{8618319F-5982-4CAA-88C8-AB25AA354D98}.Debug|x86.ActiveCfg = Debug|Win32
		{8618319F-5982-4CAA-88C8-AB25AA354D98}.Debug|x86.Build.0 = Debug|Win32
		{8618319F-5982-4CAA-88C8-AB25AA354D98}.Release|x64.ActiveCfg = Release|x64
		{8618319F-5982-4CAA-88C8-AB25AA354D98}.Release|x64.Build.0 = Release|x64
		{8618319F-5982-4CAA-88C8-AB25AA354D98}.Release|x86.ActiveCfg = Release|Win32
		{8618319F-5982-4CAA-88C8-AB25AA354D98}.Release|x86.Build.0 = Release|Win32
		{464BEA43-F4EB-4969-B8E2-C0704FA5BCE7}.Debug|x64.ActiveCfg = Debug|x64
		{464BEA43-F4EB-4969-B8E2-C0704FA5BCE7}.Debug|x64.Build.0 = Debug|x64
		{464BEA43-F4EB-4969-B8E2-C0704FA5BCE7}.Debug|x86.ActiveCfg = Debug|Win32
		{464BEA43-F4EB-4969-B8E2-C0704FA5BCE7}.Debug|x86.Build.0 = Debug|Win32
		{464BEA43-F4EB-4969-B8E2-C0704FA5BCE7}.Release|x64.ActiveCfg = Release|x64
		{464BEA43-F4EB-4969-B8E2-C0704FA5BCE7}.Release|x64.Build.0 = Release|x64
		{464BEA43-F4EB-4969-B8E2-C0704FA5BCE7}.Release|x86.ActiveCfg = Release|Win32
		{464BEA43-F4EB-4969-B8E2-C0704FA5BCE7}.Release|x86.Build.0 = Release|Win32
		{B237AC67-3103-4921-9C5A-1062C1B703E1}.Debug|x64.ActiveCfg = Debug|x64
		{B237AC67-3103-4921-9C5A-1062C1B703E1}.Debug|x64.Build.0 = Debug|x64
		{B237AC67-3103-4921-9C5A-1062C1B703E1}.Debug|x86.ActiveCfg = Debug|Win32
		{B237AC67-3103-4921-9C5A-1062C1B703E1}.Debug|x86.Build.0 = Debug|Win32
		{B237AC67-3103-4921-9C5A-1062C1B703E1}.Release|x64.ActiveCfg = Release|x64
		{B237AC67-3103-4921-9C5A-1062C1B703E1}.Release|x64.Build.0 = Release|x64
		{B237AC67-3103-4921-9C5A-1062C1B703E1}.Release|x86.ActiveCfg = Release|Win32
		{B237AC67-3103-4921-9C5A-1062C1B703E1}.Release|x86.Build.0 = Release|Win32
		{045B3112-EC72-474E-BE51-B6D4C6C36EB2}.Debug|x64.ActiveCfg = Debug|x64
		{045B3112-EC72-474E-BE51-B6D4C6C36EB2}.Debug|x64.Build.0 = Debug|x64
		{045B3112-EC72-474E-BE51-B6D4C6C36EB2}.Debug|x86.ActiveCfg = Debug|Win32
		{045B3112-EC72-474E-BE51-B6D4C6C36EB2}.Debug|x86.Build.0 = Debug|Win32
		{045B3112-EC72-474E-BE51-B6D4C6C36EB2}.Release|x64.ActiveCfg = Release|x64
		{045B3112-EC72-474E-BE51-B6D4C6C36EB2}.Release|x64.Build.0 = Release|x64
		{045B3112-EC72-474E-BE51-B6D4C6C36EB2}.Release|x86.ActiveCfg = Release|Win32
		{045B3112-EC72-474E-BE51-B6D4C6C36EB2}.Release|x86.Build.0 = Release|Win32
		{0B6A83AE-8F40-4799-A8C3-0213A1C7B73A}.Debug|x64.ActiveCfg = Debug|x64
		{0B6A83AE-8F40-4799-A8C3-0213A1C7B73A}.Debug|x64.Build.0 = Debug|x64
		{0B6A83AE-8F40-4799-A8C3-0213A1C7B73A}.Debug|x86.ActiveCfg = Debug|Win32
		{0B6A83AE-8F40-4799-A8C3-0213A1C7B73A}.Debug|x86.Build.0 = Debug|Win32
		{0B6A83AE-8F40-4799-A8C3-0213A1C7B73A}.Release|x64.ActiveCfg = Release|x64
		{0B6A83AE-8F40-4799-A8C3-0213A1C7B73A}.Release|x64.Build.0 = Release|x64
		{0B6A83AE-8F40-4799-A8C3-0213A1C7B73A}.Release|x86.ActiveCfg = Release|Win32
		{0B6A83AE-8F40-4799-A8C3-0213A1C7B73A}.Release|x86.Build.0 = Release|Win32
		{D4AB2E93-69BC-4FA2-8750-FCAD179BDC86}.Debug|x64.ActiveCfg = Debug|x64
		{D4AB2E93-69BC-4FA2-8750-FCAD179BDC86}.Debug|x64.Build.0 = Debug|x64
		{D4AB2E93-69BC-4FA2-8750-FCAD179BDC86}.Debug|x86.ActiveCfg = Debug|Win32
		{D4AB2E93-69BC-4FA2-8750-FCAD179BDC86}.Debug|x86.Build.0 = Debug|Win32
		{D4AB2E93-69BC-4FA2-8750-FCAD179BDC86}.Release|x64.ActiveCfg = Release|x64
		{D4AB2E93-69BC-4FA2-8750-FCAD179BDC86}.Release|x64.Build.0 = Release|x64
		{D4AB2E93-69BC-4FA2-8750-FCAD179BDC86}.Release|x86.ActiveCfg = Release|Win32
		{D4AB2E93-69BC-4FA2-8750-FCAD179BDC86}.Release|x86.Build.0 = Release|Win32
		{6A2DBF40-114C-4605-A527-130AFD843975}.Debug|x64.ActiveCfg = Debug|x64
		{6A2DBF40-114C-4605-A527-130AFD843975}.Debug|x64.Build.0 = Debug|x64
		{6A2DBF40-114C-4605-A527-130AFD843975}.Debug|x86.ActiveCfg = Debug|Win32
		{6A2DBF40-114C-4605-A527-130AFD843975}.Debug|x86.Build.0 = Debug|Win32
		{6A2DBF40-114C-4605-A527-130AFD843975}.Release|x64.ActiveCfg = Release|x64
		{6A2DBF40-114C-4605-A527-130AFD843975}.Release|x64.Build.0 = Release|x64
		{6A2DBF40-114C-4605-A527-130AFD843975}.Release|x86.ActiveCfg = Release|Win32
		{6A2DBF40-114C-4605-A527-130AFD843975}.Release|x86.Build.0 = Release|Win32
		{7DB41D63-D007-42D1-A206-223CE55BCDEF}.Debug|x64.ActiveCfg = Debug|x64
		{7DB41D63-D007-42D1-A206-223CE55BCDEF}.Debug|x64.Build.0 = Debug|x64
		{7DB41D63-D007-42D1-A206-223CE55BCDEF}.Debug|x86.ActiveCfg = Debug|Win32
		{7DB41D63-D007-42D1-A206-223CE55BCDEF}.Debug|x86.Build.0 = Debug|Win32
		{7DB41D63-D007-42D1-A206-223CE55BCDEF}.Release|x64.ActiveCfg = Release|x64
		{7DB41D63-D007-42D1-A206-223CE55BCDEF}.Release|x64.Build.0 = Release|x64
		{7DB41D63-D007-42D1-A206-223CE55BCDEF}.Release|x86.ActiveCfg = Release|Win32
		{7DB41D63-D007-42D1-A206-223CE55BCDEF}.Release|x86.Build.0 = Release|Win32
		{06343FBD-2B03-44DC-AA39-C1C31B188373}.Debug|x64.ActiveCfg = Debug|x64
		{06343FBD-2B03-44DC-AA39-C1C31B188373}.Debug|x64.Build.0 = Debug|x64
		{06343FBD-2B03-44DC-AA39-C1C31B188373}.Debug|x86.ActiveCfg = Debug|Win32
		{06343FBD-2B03-44DC-AA39-C1C31B188373}.Debug|x86.Build.0 = Debug|Win32
		{06343FBD-2B03-44DC-AA39-C1C31B188373}.Release|x64.ActiveCfg = Release|x64
		{06343FBD-2B03-44DC-AA39-C1C31B188373}.Release|x64.Build.0 = Release|x64
		{06343FBD-2B03-44DC-AA39-C1C31B188373}.Release|x86.ActiveCfg = Release|Win32
		{06343FBD-2B03-44DC-AA39-C1C31B188373}.Release|x86.Build.0 = Release|Win32
		{B0C00D8C-63C6-4982-A3A6-285C5B71DFB8}.Debug|x64.ActiveCfg = Debug|x64
		{B0C00D8C-63C6-4982-A3A6-285C5B71DFB8}.Debug|x64.Build.0 = Debug|x64
		{B0C00D8C-63C6-4982-A3A6-285C5B71DFB8}.Debug|x86.ActiveCfg = Debug|Win32
		{B0C00D8C-63C6-4982-A3A6-285C5B71DFB8}.Debug|x86.Build.0 = Debug|Win32
		{B0C00D8C-63C6-4982-A3A6-285C5B71DFB8}.Release|x64.ActiveCfg = Release|x64
		{B0C00D8C-63C6-4982-A3A6-285C5B71DFB8}.Release|x64.Build.0 = Release|x64
		{B0C00D8C-63C6-4982-A3A6-285C5B71DFB8}.Release|x86.ActiveCfg = Release|Win32
		{B0C00D8C-63C6-4982-A3A6-285C5B71DFB8}.Release|x86.Build.0 = Release|Win32
		{2A863B72-0051-41B0-B4DF-CF8098A2A6A1}.Debug|x64.ActiveCfg = Debug|x64
		{2A863B72-0051-41B0-B4DF-CF8098A2A6A1}.Debug|x64.Build.0 = Debug|x64
		{2A863B72-0051-41B0-B4DF-CF8098A2A6A1}.Debug|x86.ActiveCfg = Debug|Win32
		{2A863B72-0051-41B0-B4DF-CF8098A2A6A1}.Debug|x86.Build.0 = Debug|Win32
		{2A863B72-0051-41B0-B4DF-CF8098A2A6A1}.Release|x64.ActiveCfg = Release|x64
		{2A863B72-0051-41B0-B4DF-CF8098A2A6A1}.Release|x64.Build.0 = Release|x64
		{2A863B72-0051-41B0-B4DF-CF8098A2A6A1}.Release|x86.ActiveCfg = Release|Win32
		{2A863B72-0051-41B0-B4DF-CF8098A2A6A1}.Release|x86.Build.0 = Release|Win32
		{9DACF427-B643-43D2-9B0C-8A04F637DE3D}.Debug|x64.ActiveCfg = Debug|x64
		{9DACF427-B643-43D2-9B0C-8A04F637DE3D}.Debug|x64.Build.0 = Debug|x64
		{9DACF427-B643-43D2-9B0C-8A04F637DE3D}.Debug|x86.ActiveCfg = Debug|Win32
		{9DACF427-B643-43D2-9B0C-8A04F637DE3D}.Debug|x86.Build.0 = Debug|Win32
		{9DACF427-B643-43D2-9B0C-8A04F637DE3D}.Release|x64.ActiveCfg = Release|x64
		{9DACF427-B643-43D2-9B0C-8A04F637DE3D}.Release|x64.Build.0 = Release|x64
		{9DACF427-B643-43D2-9B0C-8A04F637DE3D}.Release|x86.ActiveCfg = Release|Win32
		{9DACF427-B643-43D2-9B0C-8A04F637DE3D}.Release|x86.Build.0 = Release|Win32
		{8019D11F-0C36-4B4F-9670-F47A6CECCE8F}.Debug|x64.ActiveCfg = Debug|x64
		{8019D11F-0C36-4B4F-9670-F47A6CECCE8F}.Debug|x64.Build.0 = Debug|x64
		{8019D11F-0C36-4B4F-9670-F47A6CECCE8F}.Debug|x86.ActiveCfg = Debug|Win32
		{8019D11F-0C36-4B4F-9670-F47A6CECCE8F}.Debug|x86.Build.0 = Debug|Win32
		{8019D11F-0C36-4B4F-9670-F47A6CECCE8F}.Release|x64.ActiveCfg = Release|x64
		{8019D11F-0C36-4B4F-9670-F47A6CECCE8F}.Release|x64.Build.0 = Release|x64
		{8019D11F-0C36-4B4F-9670-F47A6CECCE8F}.Release|x86.ActiveCfg = Release|Win32
		{8019D11F-0C36-4B4F-9670-F47A6CECCE8F}.Release|x86.Build.0 = Release|Win32
		{6C825F22-FA88-4E07-B894-DD67CCC668A4}.Debug|x64.ActiveCfg = Debug|x64
		{6C825F22-FA88-4E07-B894-DD67CCC668A4}.Debug|x64.Build.0 = Debug|x64
		{6C825F22-FA88-4E07-B894-DD67CCC668A4}.Debug|x86.ActiveCfg = Debug|Win32
		{6C825F22-FA88-4E07-B894-DD67CCC668A4}.Debug|x86.Build.0 = Debug|Win32
		{6C825F22-FA88-4E07-B894-DD67CCC668A4}.Release|x64.ActiveCfg = Release|x64
		{6C825F22-FA88-4E07-B894-DD67CCC668A4}.Release|x64.Build.0 = Release|x64
		{6C825F22-FA88-4E07-B894-DD67CCC668A4}.Release|x86.ActiveCfg = Release|Win32
		{6C825F22-FA88-4E07-B894-DD67CCC668A4}.Release|x86.Build.0 = Release|Win32
		{09999F48-FA5F-4B26-B8B4-37749D6CE528}.Debug|x64.ActiveCfg = Debug|x64
		{09999F48-FA5F-4B26-B8B4-37749D6CE528}.Debug|x64.Build.0 = Debug|x64
		{09999F48-FA5F-4B26-B8B4-37749D6CE528}.Debug|x86.ActiveCfg = Debug|Win32
		{09999F48-FA5F-4B26-B8B4-37749D6CE528}.Debug|x86.Build.0 = Debug|Win32
		{09999F48-FA5F-4B26-B8B4-37749D6CE528}.Release|x64.ActiveCfg = Release|x64
		{09999F48-FA5F-4B26-B8B4-37749D6CE528}.Release|x64.Build.0 = Release|x64
		{09999F48-FA5F-4B26-B8B4-37749D6CE528}.Release|x86.ActiveCfg = Release|Win32
		{09999F48-FA5F-4B26-B8B4-37749D6CE528}.Release|x86.Build.0 = Release|Win32
		{83E20756-9257-408F-930F-CDCE4D04E013}.Debug|x64.ActiveCfg = Debug|x64
		{83E20756-9257-408F-930F-CDCE4D04E013}.Debug|x64.Build.0 = Debug|x64
		{83E20756-9257-408F-930F-CDCE4D04E013}.Debug|x86.ActiveCfg = Debug|Win32
		{83E20756-9257-408F-930F-CDCE4D04E013}.Debug|x86.Build.0 = Debug|Win32
		{83E20756-9257-408F-930F-CDCE4D04E013}.Release|x64.ActiveCfg = Release|x64
		{83E20756-9257-408F-930F-CDCE4D04E013}.Release|x64.Build.0 = Release|x64
		{83E20756-9257-408F-930F-CDCE4D04E013}.Release|x86.ActiveCfg = Release|Win32
		{83E20756-9257-408F-930F-CDCE4D04E013}.Release|x86.Build.0 = Release|Win32
		{773A73C9-CD60-4795-92A3-45B225B42D40}.Debug|x64.ActiveCfg = Debug|x64
		{773A73C9-CD60-4795-92A3-45B225B42D40}.Debug|x64.Build.0 = Debug|x64
		{773A73C9-CD60-4795-92A3-45B225B42D40}.Debug|x86.ActiveCfg = Debug|Win32
		{773A73C9-CD60-4795-92A3-45B225B42D40}.Debug|x86.Build.0 = Debug|Win32
		{773A73C9-CD60-4795-92A3-45B225B42D40}.Release|x64.ActiveCfg = Release|x64
		{773A73C9-CD60-4795-92A3-45B225B42D40}.Release|x64.Build.0 = Release|x64
		{773A73C9-CD60-4795-92A3-45B225B42D40}.Release|x86.ActiveCfg = Release|Win32
		{773A73C9-CD60-4795-92A3-45B225B42D40}.Release|x86.Build.0 = Release|Win32
		{DFC770A3-4F6D-4C1D-8F8F-742871CA8408}.Debug|x64.ActiveCfg = Debug|x64
		{DFC770A3-4F6D-4C1D-8F8F-742871CA8408}.Debug|x64.Build.0 = Debug|x64
		{DFC770A3-4F6D-4C1D-8F8F-742871CA8408}.Debug|x86.ActiveCfg = Debug|Win32
		{DFC770A3-4F6D-4C1D-8F8F-742871CA8408}.Debug|x86.Build.0 = Debug|Win32
		{DFC770A3-4F6D-4C1D-8F8F-742871CA8408}.Release|x64.ActiveCfg = Release|x64
		{DFC770A3-4F6D-4C1D-8F8F-742871CA8408}.Release|x64.Build.0 = Release|x64
		{DFC770A3-4F6D-4C1D-8F8F-742871CA8408}.Release|x86.ActiveCfg = Release|Win32
		{DFC770A3-4F6D-4C1D-8F8F-742871CA8408}.Release|x86.Build.0 = Release|Win32
		{10F59D87-170B-40D4-ACC0-F1D8D646CFE5}.Debug|x64.ActiveCfg = Debug|x64
		{10F59D87-170B-40D4-ACC0-F1D8D646CFE5}.Debug|x64.Build.0 = Debug|x64
		{10F59D87-170B-40D4-ACC0-F1D8D646CFE5}.Debug|x86.ActiveCfg = Debug|Win32
		{10F59D87-170B-40D4-ACC0-F1D8D646CFE5}.Debug|x86.Build.0 = Debug|Win32
		{10F59D87-170B-40D4-ACC0-F1D8D646CFE5}.Release|x64.ActiveCfg = Release|x64
		{10F59D87-170B-40D4-ACC0-F1D8D646CFE5}.Release|x64.Build.0 = Release|x64
		{10F59D87-170B-40D4-ACC0-F1D8D646CFE5}.Release|x86.ActiveCfg = Release|Win32
		{10F59D87-170B-40D4-ACC0-F1D8D646CFE5}.Release|x86.Build.0 = Release|Win32
		{5BBF4935-BC91-43BD-87F0-6BBC7FD9404F}.Debug|x64.ActiveCfg = Debug|x64
		{5BBF4935-BC91-43BD-87F0-6BBC7FD9404F}.Debug|x64.Build.0 = Debug|x64
		{5BBF4935-BC91-43BD-87F0-6BBC7FD9404F}.Debug|x86.ActiveCfg = Debug|Win32
		{5BBF4935-BC91-43BD-87F0-6BBC7FD9404F}.Debug|x86.Build.0 = Debug|Win32
		{5BBF4935-BC91-43BD-87F0-6BBC7FD9404F}.Release|x64.ActiveCfg = Release|x64
		{5BBF4935-BC91-43BD-87F0-6BBC7FD9404F}.Release|x64.Build.0 = Release|x64
		{5BBF4935-BC91-43BD-87F0-6BBC7FD9404F}.Release|x86.ActiveCfg = Release|Win32
		{5BBF4935-BC91-43BD-87F0-6BBC7FD9404F}.Release|x86.Build.0 = Release|Win32
		{561F1413-106E-4D2A-9841-3B8DB533D698}.Debug|x64.ActiveCfg = Debug|x64
		{561F1413-106E-4D2A-9841-3B8DB533D698}.Debug|x64.Build.0 = Debug|x64
		{561F1413-106E-4D2A-9841-3B8DB533D698}.Debug|x86.ActiveCfg = Debug|Win32
		{561F1413-106E-4D2A-9841-3B8DB533D698}.Debug|x86.Build.0 = Debug|Win32
		{561F1413-106E-4D2A-9841-3B8DB533D698}.Release|x64.ActiveCfg = Release|x64
		{561F1413-106E-4D2A-9841-3B8DB533D698}.Release|x64.Build.0 = Release|x64
		{561F1413-106E-4D2A-9841-3B8DB533D698}.Release|x86.ActiveCfg = Release|Win32
		{561F1413-106E-4D2A-9841-3B8DB533D698}.Release|x86.Build.0 = Release|Win32
		{B6481CC7-533A-43A6-8F9D-46EA12CC4034}.Debug|x64.ActiveCfg = Debug|x64
		{B6481CC7-533A-43A6-8F9D-46EA12CC4034}.Debug|x64.Build.0 = Debug|x64
		{B6481CC7-533A-43A6-8F9D-46EA12CC4034}.Debug|x86.ActiveCfg = Debug|Win32
		{B6481CC7-533A-43A6-8F9D-46EA12CC4034}.Debug|x86.Build.0 = Debug|Win32
		{B6481CC7-533A-43A6-8F9D-46EA12CC4034}.Release|x64.ActiveCfg = Release|x64
		{B6481CC7-533A-43A6-8F9D-46EA12CC4034}.Release|x64.Build.0 = Release|x64
		{B6481CC7-533A-43A6-8F9D-46EA12CC4034}.Release|x86.ActiveCfg = Release|Win32
		{B6481CC7-533A-43A6-8F9D-46EA12CC4034}.Release|x86.Build.0 = Release|Win32
		{5E6B65F0-D267-4782-A4F2-FB34D49EA222}.Debug|x64.ActiveCfg = Debug|x64
		{5E6B65F0-D267-4782-A4F2-FB34D49EA222}.Debug|x64.Build.0 = Debug|x64
		{5E6B65F0-D267-4782-A4F2-FB34D49EA222}.Debug|x86.ActiveCfg = Debug|Win32
		{5E6B65F0-D267-4782-A4F2-FB34D49EA222}.Debug|x86.Build.0 = Debug|Win32
		{5E6B65F0-D267-4782-A4F2-FB34D49EA222}.Release|x64.ActiveCfg = Release|x64
		{5E6B65F0-D267-4782-A4F2-FB34D49EA222}.Release|x64.Build.0 = Release|x64
		{5E6B65F0-D267-4782-A4F2-FB34D49EA222}.Release|x86.ActiveCfg = Release|Win32
		{5E6B65F0-D267-4782-A4F2-FB34D49EA222}.Release|x86.Build.0 = Release|Win32
		{0A1A6BFC-CFDE-43B0-B138-857F240A47AF}.Debug|x64.ActiveCfg = Debug|x64
		{0A1A6BFC-CFDE-43B0-B138-857F240A47AF}.Debug|x64.Build.0 = Debug|x64
		{0A1A6BFC-CFDE-43B0-B138-857F240A47AF}.Debug|x86.ActiveCfg = Debug|Win32
		{0A1A6BFC-CFDE-43B0-B138-857F240A47AF}.Debug|x86.Build.0 = Debug|Win32
		{0A1A6BFC-CFDE-43B0-B138-857F240A47AF}.Release|x64.ActiveCfg = Release|x64
		{0A1A6BFC-CFDE-43B0-B138-857F240A47AF}.Release|x64.Build.0 = Release|x64
		{0A1A6BFC-CFDE-43B0-B138-857F240A47AF}.Release|x86.ActiveCfg = Release|Win32
		{0A1A6BFC-CFDE-43B0-B138-857F240A47AF}.Release|x86.Build.0 = Release|Win32
		{19E5139F-02C2-4C24-99B8-4E63FF684450}.Debug|x64.ActiveCfg = Debug|x64
		{19E5139F-02C2-4C24-99B8-4E63FF684450}.Debug|x64.Build.0 = Debug|x64
		{19E5139F-02C2-4C24-99B8-4E63FF684450}.Debug|x86.ActiveCfg = Debug|Win32
		{19E5139F-02C2-4C24-99B8-4E63FF684450}.Debug|x86.Build.0 = Debug|Win32
		{19E5139F-02C2-4C24-99B8-4E63FF684450}.Release|x64.ActiveCfg = Release|x64
		{19E5139F-02C2-4C24-99B8-4E63FF684450}.Release|x64.Build.0 = Release|x64
		{19E5139F-02C2-4C24-99B8-4E63FF684450}.Release|x86.ActiveCfg = Release|Win32
		{19E5139F-02C2-4C24-99B8-4E63FF684450}.Release|x86.Build.0 = Release|Win32
		{3D65CD4B-F78D-4729-B086-600333DEE5A2}.Debug|x64.ActiveCfg = Debug|x64
		{3D65CD4B-F78D-4729-B086-600333DEE5A2}.Debug|x64.Build.0 = Debug|x64
		{3D65CD4B-F78D-4729-B086-600333DEE5A2}.Debug|x86.ActiveCfg = Debug|Win32
		{3D65CD4B-F78D-4729-B086-600333DEE5A2}.Debug|x86.Build.0 = Debug|Win32
		{3D65CD4B-F78D-4729-B086-600333DEE5A2}.Release|x64.ActiveCfg = Release|x64
		{3D65CD4B-F78D-4729-B086-600333DEE5A2}.Release|x64.Build.0 = Release|x64
		{3D65CD4B-F78D-4729-B086-600333DEE5A2}.Release|x86.ActiveCfg = Release|Win32
		{3D65CD4B-F78D-4729-B086-600333DEE5A2}.Release|x86.Build.0 = Release|Win32
		{A87D02CE-9CC9-4A9A-B983-26C2CC3F530C}.Debug|x64.ActiveCfg = Debug|x64
		{A87D02CE-9CC9-4A9A-B983-26C2CC3F530C}.Debug|x64.Build.0 = Debug|x64
		{A87D02CE-9CC9-4A9A-B983-26C2CC3F530C}.Debug|x86.ActiveCfg = Debug|Win32
		{A87D02CE-9CC9-4A9A-B983-26C2CC3F530C}.Debug|x86.Build.0 = Debug|Win32
		{A87D02CE-9CC9-4A9A-B983-26C2CC3F530C}.Release|x64.ActiveCfg = Release|x64
		{A87D02CE-9CC9-4A9A-B983-26C2CC3F530C}.Release|x64.Build.0 = Release|x64
		{A87D02CE-9CC9-4A9A-B983-26C2CC3F530C}.Release|x86.ActiveCfg = Release|Win32
		{A87D02CE-9CC9-4A9A-B983-26C2CC3F530C}.Release|x86.Build.0 = Release|Win32
		{78144FD6-DCE0-400E-B261-EBD577B4EA8A}.Debug|x64.ActiveCfg = Debug|x64
		{78144FD6-DCE0-400E-B261-EBD577B4EA8A}.Debug|x64.Build.0 = Debug|x64
		{78144FD6-DCE0-400E-B261-EBD577B4EA8A}.Debug|x86.ActiveCfg = Debug|Win32
		{78144FD6-DCE0-400E-B261-EBD577B4EA8A}.Debug|x86.Build.0 = Debug|Win32
		{78144FD6-DCE0-400E-B261-EBD577B4EA8A}.Release|x64.ActiveCfg = Release|x64
		{78144FD6-DCE0-400E-B261-EBD577B4EA8A}.Release|x64.Build.0 = Release|x64
		{78144FD6-DCE0-400E-B261-EBD577B4EA8A}.Release|x86.ActiveCfg = Release|Win32
		{78144FD6-DCE0-400E-B261-EBD577B4EA8A}.Release|x86.Build.0 = Release|Win32
		{43BC2EBD-BCDA-4479-9BA7-ECDF84AA17C3}.Debug|x64.ActiveCfg = Debug|x64
		{43BC2EBD-BCDA-4479-9BA7-ECDF84AA17C3}.Debug|x64.Build.0 = Debug|x64
		{43BC2EBD-BCDA-4479-9BA7-ECDF84AA17C3}.Debug|x86.ActiveCfg = Debug|Win32
		{43BC2EBD-BCDA-4479-9BA7-ECDF84AA17C3}.Debug|x86.Build.0 = Debug|Win32
		{43BC2EBD-BCDA-4479-9BA7-ECDF84AA17C3}.Release|x64.ActiveCfg = Release|x64
		{43BC2EBD-BCDA-4479-9BA7-ECDF84AA17C3}.Release|x64.Build.0 = Release|x64
		{43BC2EBD-BCDA-4479-9BA7-ECDF84AA17C3}.Release|x86.ActiveCfg = Release|Win32
		{43BC2EBD-BCDA-4479-9BA7-ECDF84AA17C3}.Release|x86.Build.0 = Release|Win32
		{129F0CE1-CC70-48EF-951F-64CD1FCEB153}.Debug|x64.ActiveCfg = Debug|x64
		{129F0CE1-CC70-48EF-951F-64CD1FCEB153}.Debug|x64.Build.0 = Debug|x64
		{129F0CE1-CC70-48EF-951F-64CD1FCEB153}.Debug|x86.ActiveCfg = Debug|Win32
		{129F0CE1-CC70-48EF-951F-64CD1FCEB153}.Debug|x86.Build.0 = Debug|Win32
		{129F0CE1-CC70-48EF-951F-64CD1FCEB153}.Release|x64.ActiveCfg = Release|x64
		{129F0CE1-CC70-48EF-951F-64CD1FCEB153}.Release|x64.Build.0 = Release|x64
		{129F0CE1-CC70-48EF-951F-64CD1FCEB153}.Release|x86.ActiveCfg = Release|Win32
		{129F0CE1-CC70-48EF-951F-64CD1FCEB153}.Release|x86.Build.0 = Release|Win32
		{9E2ED8D0-7E59-4329-AC7D-D40ACB08670C}.Debug|x64.ActiveCfg = Debug|x64
		{9E2ED8D0-7E59-4329-AC7D-D40ACB08670C}.Debug|x64.Build.0 = Debug|x64
		{9E2ED8D0-7E59-4329-AC7D-D40ACB08670C}.Debug|x86.ActiveCfg = Debug|Win32
		{9E2ED8D0-7E59-4329-AC7D-D40ACB08670C}.Debug|x86.Build.0 = Debug|Win32
		{9E2ED8D0-7E59-4329-AC7D-D40ACB08670C}.Release|x64.ActiveCfg = Release|x64
		{9E2ED8D0-7E59-4329-AC7D-D40ACB08670C}.Release|x64.Build.0 = Release|x64
		{9E2ED8D0-7E59-4329-AC7D-D40ACB08670C}.Release|x86.ActiveCfg = Release|Win32
		{9E2ED8D0-7E59-4329-AC7D-D40ACB08670C}.Release|x86.Build.0 = Release|Win32
		{8FB7B293-DA23-493F-938F-E77CADBB9877}.Debug|x64.ActiveCfg = Debug|x64
		{8FB7B293-DA23-493F-938F-E77CADBB9877}.Debug|x64.Build.0 = Debug|x64
		{8FB7B293-DA23-493F-938F-E77CADBB9877}.Debug|x86.ActiveCfg = Debug|Win32
		{8FB7B293-DA23-493F-938F-E77CADBB9877}.Debug|x86.Build.0 = Debug|Win32
		{8FB7B293-DA23-493F-938F-E77CADBB9877}.Release|x64.ActiveCfg = Release|x64
		{8FB7B293-DA23-493F-938F-E77CADBB9877}.Release|x64.Build.0 = Release|x64
		{8FB7B293-DA23-493F-938F-E77CADBB9877}.Release|x86.ActiveCfg = Release|Win32
		{8FB7B293-DA23-493F-938F-E77CADBB9877}.Release|x86.Build.0 = Release|Win32
		{1FE78500-A42B-40FD-8BFF-36D4741B2B56}.Debug|x64.ActiveCfg = Debug|x64
		{1FE78500-A42B-40FD-8BFF-36D4741B2B56}.Debug|x64.Build.0 = Debug|x64
		{1FE78500-A42B-40FD-8BFF-36D4741B2B56}.Debug|x86.ActiveCfg = Debug|Win32
		{1FE78500-A42B-40FD-8BFF-36D4741B2B56}.Debug|x86.Build.0 = Debug|Win32
		{1FE78500-A42B-40FD-8BFF-36D4741B2B56}.Release|x64.ActiveCfg = Release|x64
		{1FE78500-A42B-40FD-8BFF-36D4741B2B56}.Release|x64.Build.0 = Release|x64
		{1FE78500-A42B-40FD-8BFF-36D4741B2B56}.Release|x86.ActiveCfg = Release|Win32
		{1FE78500-A42B-40FD-8BFF-36D4741B2B56}.Release|x86.Build.0 = Release|Win32
		{68289743-F09C-40BA-A9E0-E5C17EC213D5}.Debug|x64.ActiveCfg = Debug|x64
		{68289743-F09C-40BA-A9E0-E5C17EC213D5}.Debug|x64.Build.0 = Debug|x64
		{68289743-F09C-40BA-A9E0-E5C17EC213D5}.Debug|x86.ActiveCfg = Debug|Win32
		{68289743-F09C-40BA-A9E0-E5C17EC213D5}.Debug|x86.Build.0 = Debug|Win32
		{68289743-F09C-40BA-A9E0-E5C17EC213D5}.Release|x64.ActiveCfg = Release|x64
		{68289743-F09C-40BA-A9E0-E5C17EC213D5}.Release|x64.Build.0 = Release|x64
		{68289743-F09C-40BA-A9E0-E5C17EC213D5}.Release|x86.ActiveCfg = Release|Win32
		{68289743-F09C-40BA-A9E0-E5C17EC213D5}.Release|x86.Build.0 = Release|Win32
		{1DB6BC15-B020-4842-8137-C9FF3D29D64E}.Debug|x64.ActiveCfg = Debug|x64
		{1DB6BC15-B020-4842-8137-C9FF3D29D64E}.Debug|x64.Build.0 = Debug|x64
		{1DB6BC15-B020-4842-8137-C9FF3D29D64E}.Debug|x86.ActiveCfg = Debug|Win32
		{1DB6BC15-B020-4842-8137-C9FF3D29D64E}.Debug|x86.Build.0 = Debug|Win32
		{1DB6BC15-B020-4842-8137-C9FF3D29D64E}.Release|x64.ActiveCfg = Release|x64
		{1DB6BC15-B020-4842-8137-C9FF3D29D64E}.Release|x64.Build.0 = Release|x64
		{1DB6BC15-B020-4842-8137-C9FF3D29D64E}.Release|x86.ActiveCfg = Release|Win32
		{1DB6BC15-B020-4842-8137-C9FF3D29D64E}.Release|x86.Build.0 = Release|Win32
		{048AD3E6-7BEE-4B26-9633-95BA572ECF82}.Debug|x64.ActiveCfg = Debug|x64
		{048AD3E6-7BEE-4B26-9633-95BA572ECF82}.Debug|x64.Build.0 = Debug|x64
		{048AD3E6-7BEE-4B26-9633-95BA572ECF82}.Debug|x86.ActiveCfg = Debug|Win32
		{048AD3E6-7BEE-4B26-9633-95BA572ECF82}.Debug|x86.Build.0 = Debug|Win32
		{048AD3E6-7BEE-4B26-9633-95BA572ECF82}.Release|x64.ActiveCfg = Release|x64
		{048AD3E6-7BEE-4B26-9633-95BA572ECF82}.Release|x64.Build.0 = Release|x64
		{048AD3E6-7BEE-4B26-9633-95BA572ECF82}.Release|x86.ActiveCfg = Release|Win32
		{048AD3E6-7BEE-4B26-9633-95BA572ECF82}.Release|x86.Build.0 = Release|Win32
		{7002D2E2-4B7E-4AA6-BCA6-3A12624C168A}.Debug|x64.ActiveCfg = Debug|x64
		{7002D2E2-4B7E-4AA6-BCA6-3A12624C168A}.Debug|x64.Build.0 = Debug|x64
		{7002D2E2-4B7E-4AA6-BCA6-3A12624C168A}.Debug|x86.ActiveCfg = Debug|Win32
		{7002D2E2-4B7E-4AA6-BCA6-3A12624C168A}.Debug|x86.Build.0 = Debug|Win32
		{7002D2E2-4B7E-4AA6-BCA6-3A12624C168A}.Release|x64.ActiveCfg = Release|x64
		{7002D2E2-4B7E-4AA6-BCA6-3A12624C168A}.Release|x64.Build.0 = Release|x64
		{7002D2E2-4B7E-4AA6-BCA6-3A12624C168A}.Release|x86.ActiveCfg = Release|Win32
		{7002D2E2-4B7E-4AA6-BCA6-3A12624C168A}.Release|x86.Build.0 = Release|Win32
		{E50A97CF-C05B-472F-8CD0-1FACC0B8AEA3}.Debug|x64.ActiveCfg = Debug|x64
		{E50A97CF-C05B-472F-8CD0-1FACC0B8AEA3}.Debug|x64.Build.0 = Debug|x64
		{E50A97CF-C05B-472F-8CD0-1FACC0B8AEA3}.Debug|x86.ActiveCfg = Debug|Win32
		{E50A97CF-C05B-472F-8CD0-1FACC0B8AEA3}.Debug|x86.Build.0 = Debug|Win32
		{E50A97CF-C05B-472F-8CD0-1FACC0B8AEA3}.Release|x64.ActiveCfg = Release|x64
		{E50A97CF-C05B-472F-8CD0-1FACC0B8AEA3}.Release|x64.Build.0 = Release|x64
		{E50A97CF-C05B-472F-8CD0-1FACC0B8AEA3}.Release|x86.ActiveCfg = Release|Win32
		{E50A97CF-C05B-472F-8CD0-1FACC0B8AEA3}.Release|x86.Build.0 = Release|Win32
		{C9F7E2AC-002B-4D15-ACE7-7D85350D8480}.Debug|x64.ActiveCfg = Debug|x64
		{C9F7E2AC-002B-4D15-ACE7-7D85350D8480}.Debug|x64.Build.0 = Debug|x64
		{C9F7E2AC-002B-4D15-ACE7-7D85350D8480}.Debug|x86.ActiveCfg = Debug|Win32
		{C9F7E2AC-002B-4D15-ACE7-7D85350D8480}.Debug|x86.Build.0 = Debug|Win32
		{C9F7E2AC-002B-4D15-ACE7-7D85350D8480}.Release|x64.ActiveCfg = Release|x64
		{C9F7E2AC-002B-4D15-ACE7-7D85350D8480}.Release|x64.Build.0 = Release|x64
		{C9F7E2AC-002B-4D15-ACE7-7D85350D8480}.Release|x86.ActiveCfg = Release|Win32
		{C9F7E2AC-002B-4D15-ACE7-7D85350D8480}.Release|x86.Build.0 = Release|Win32
		{75F9AEFB-188B-4062-A5CE-56F8EEBDB52E}.Debug|x64.ActiveCfg = Debug|x64
		{75F9AEFB-188B-4062-A5CE-56F8EEBDB52E}.Debug|x64.Build.0 = Debug|x64
		{75F9AEFB-188B-4062-A5CE-56F8EEBDB52E}.Debug|x86.ActiveCfg = Debug|Win32
		{75F9AEFB-188B-4062-A5CE-56F8EEBDB52E}.Debug|x86.Build.0 = Debug|Win32
		{75F9AEFB-188B-4062-A5CE-56F8EEBDB52E}.Release|x64.ActiveCfg = Release|x64
		{75F9AEFB-188B-4062-A5CE-56F8EEBDB52E}.Release|x64.Build.0 = Release|x64
		{75F9AEFB-188B-4062-A5CE-56F8EEBDB52E}.Release|x86.ActiveCfg = Release|Win32
		{75F9AEFB-188B-4062-A5CE-56F8EEBDB52E}.Release|x86.Build.0 = Release|Win32
		{6369AC33-FCC0-4CF4-B145-73644DAFC90F}.Debug|x64.ActiveCfg = Debug|x64
		{6369AC33-FCC0-4CF4-B145-73644DAFC90F}.Debug|x64.Build.0 = Debug|x64
		{6369AC33-FCC0-4CF4-B145-73644DAFC90F}.Debug|x86.ActiveCfg = Debug|Win32
		{6369AC33-FCC0-4CF4-B145-73644DAFC90F}.Debug|x86.Build.0 = Debug|Win32
		{6369AC33-FCC0-4CF4-B145-73644DAFC90F}.Release|x64.ActiveCfg = Release|x64
		{6369AC33-FCC0-4CF4-B145-73644DAFC90F}.Release|x64.Build.0 = Release|x64
		{6369AC33-FCC0-4CF4-B145-73644DAFC90F}.Release|x86.ActiveCfg = Release|Win32
		{6369AC33-FCC0-4CF4-B145-73644DAFC90F}.Release|x86.Build.0 = Release|Win32
		{62C9B9CE-50F2-4454-9B71-44B97107EA7F}.Debug|x64.ActiveCfg = Debug|x64
		{62C9B9CE-50F2-4454-9B71-44B97107EA7F}.Debug|x64.Build.0 = Debug|x64
		{62C9B9CE-50F2-4454-9B71-44B97107EA7F}.Debug|x86.ActiveCfg = Debug|Win32
		{62C9B9CE-50F2-4454-9B71-44B97107EA7F}.Debug|x86.Build.0 = Debug|Win32
		{62C9B9CE-50F2-4454-9B71-44B97107EA7F}.Release|x64.ActiveCfg = Release|x64
		{62C9B9CE-50F2-4454-9B71-44B97107EA7F}.Release|x64.Build.0 = Release|x64
		{62C9B9CE-50F2-4454-9B71-44B97107EA7F}.Release|x86.ActiveCfg = Release|Win32
		{62C9B9CE-50F2-4454-9B71-44B97107EA7F}.Release|x86.Build.0 = Release|Win32
		{2462F6C2-CD0B-474A-927D-90B71559754F}.Debug|x64.ActiveCfg = Debug|x64
		{2462F6C2-CD0B-474A-927D-90B71559754F}.Debug|x64.Build.0 = Debug|x64
		{2462F6C2-CD0B-474A-927D-90B71559754F}.Debug|x86.ActiveCfg = Debug|Win32
		{2462F6C2-CD0B-474A-927D-90B71559754F}.Debug|x86.Build.0 = Debug|Win32
		{2462F6C2-CD0B-474A-927D-90B71559754F}.Release|x64.ActiveCfg = Release|x64
		{2462F6C2-CD0B-474A-927D-90B71559754F}.Release|x64.Build.0 = Release|x64
		{2462F6C2-CD0B-474A-927D-90B71559754F}.Release|x86.ActiveCfg = Release|Win32
		{2462F6C2-CD0B-474A-927D-90B71559754F}.Release|x86.Build.0 = Release|Win32
		{753963D2-1EEE-478D-98C2-B9C4A18E1BDF}.Debug|x64.ActiveCfg = Debug|x64
		{753963D2-1EEE-478D-98C2-B9C4A18E1BDF}.Debug|x64.Build.0 = Debug|x64
		{753963D2-1EEE-478D-98C2-B9C4A18E1BDF}.Debug|x86.ActiveCfg = Debug|Win32
		{753963D2-1EEE-478D-98C2-B9C4A18E1BDF}.Debug|x86.Build.0 = Debug|Win32
		{753963D2-1EEE-478D-98C2-B9C4A18E1BDF}.Release|x64.ActiveCfg = Release|x64
		{753963D2-1EEE-478D-98C2-B9C4A18E1BDF}.Release|x64.Build.0 = Release|x64
		{753963D2-1EEE-478D-98C2-B9C4A18E1BDF}.Release|x86.ActiveCfg = Release|Win32
		{753963D2-1EEE-478D-98C2-B9C4A18E1BDF}.Release|x86.Build.0 = Release|Win32
		{4C68F98B-2C64-434D-9788-74449493A5A8}.Debug|x64.ActiveCfg = Debug|x64
		{4C68F98B-2C64-434D-9788-74449493A5A8}.Debug|x64.Build.0 = Debug|x64
		{4C68F98B-2C64-434D-9788-74449493A5A8}.Debug|x86.ActiveCfg = Debug|Win32
		{4C68F98B-2C64-434D-9788-74449493A5A8}.Debug|x86.Build.0 = Debug|Win32
		{4C68F98B-2C64-434D-9788-74449493A5A8}.Release|x64.ActiveCfg = Release|x64
		{4C68F98B-2C64-434D-9788-74449493A5A8}.Release|x64.Build.0 = Release|x64
		{4C68F98B-2C64-434D-9788-74449493A5A8}.Release|x86.ActiveCfg = Release|Win32
		{4C68F98B-2C64-434D-9788-74449493A5A8}.Release|x86.Build.0 = Release|Win32
		{85F1AA3E-3204-4BF3-AF8A-D4B2156D9F6B}.Debug|x64.ActiveCfg = Debug|x64
		{85F1AA3E-3204-4BF3-AF8A-D4B2156D9F6B}.Debug|x64.Build.0 = Debug|x64
		{85F1AA3E-3204-4BF3-AF8A-D4B2156D9F6B}.Debug|x86.ActiveCfg = Debug|Win32
		{85F1AA3E-3204-4BF3-AF8A-D4B2156D9F6B}.Debug|x86.Build.0 = Debug|Win32
		{85F1AA3E-3204-4BF3-AF8A-D4B2156D9F6B}.Release|x64.ActiveCfg = Release|x64
		{85F1AA3E-3204-4BF3-AF8A-D4B2156D9F6B}.Release|x64.Build.0 = Release|x64
		{85F1AA3E-3204-4BF3-AF8A-D4B2156D9F6B}.Release|x86.ActiveCfg = Release|Win32
		{85F1AA3E-3204-4BF3-AF8A-D4B2156D9F6B}.Release|x86.Build.0 = Release|Win32
		{A33D1AD0-6A16-42A1-B993-0C34D5318CCC}.Debug|x64.ActiveCfg = Debug|x64
		{A33D1AD0-6A16-42A1-B993-0C34D5318CCC}.Debug|x64.Build.0 = Debug|x64
		{A33D1AD0-6A16-42A1-B993-0C34D5318CCC}.Debug|x86.ActiveCfg = Debug|Win32
		{A33D1AD0-6A16-42A1-B993-0C34D5318CCC}.Debug|x86.Build.0 = Debug|Win32
		{A33D1AD0-6A16-42A1-B993-0C34D5318CCC}.Release|x64.ActiveCfg = Release|x64
		{A33D1AD0-6A16-42A1-B993-0C34D5318CCC}.Release|x64.Build.0 = Release|x64
		{A33D1AD0-6A16-42A1-B993-0C34D5318CCC}.Release|x86.ActiveCfg = Release|Win32
		{A33D1AD0-6A16-42A1-B993-0C34D5318CCC}.Release|x86.Build.0 = Release|Win32
		{0B77D410-A914-4BD7-8D70-EB5FBBD40131}.Debug|x64.ActiveCfg = Debug|x64
		{0B77D410-A914-4BD7-8D70-EB5FBBD40131}.Debug|x64.Build.0 = Debug|x64
		{0B77D410-A914-4BD7-8D70-EB5FBBD40131}.Debug|x86.ActiveCfg = Debug|Win32
		{0B77D410-A914-4BD7-8D70-EB5FBBD40131}.Debug|x86.Build.0 = Debug|Win32
		{0B77D410-A914-4BD7-8D70-EB5FBBD40131}.Release|x64.ActiveCfg = Release|x64
		{0B77D410-A914-4BD7-8D70-EB5FBBD40131}.Release|x64.Build.0 = Release|x64
		{0B77D410-A914-4BD7-8D70-EB5FBBD40131}.Release|x86.ActiveCfg = Release|Win32
		{0B77D410-A914-4BD7-8D70-EB5FBBD40131}.Release|x86.Build.0 = Release|Win32
		{B1D4491C-032E-467F-84D1-2F8F51C3A635}.Debug|x64.ActiveCfg = Debug|x64
		{B1D4491C-032E-467F-84D1-2F8F51C3A635}.Debug|x64.Build.0 = Debug|x64
		{B1D4491C-032E-467F-84D1-2F8F51C3A635}.Debug|x86.ActiveCfg = Debug|Win32
		{B1D4491C-032E-467F-84D1-2F8F51C3A635}.Debug|x86.Build.0 = Debug|Win32
		{B1D4491C-032E-467F-84D1-2F8F51C3A635}.Release|x64.ActiveCfg = Release|x64
		{B1D4491C-032E-467F-84D1-2F8F51C3A635}.Release|x64.Build.0 = Release|x64
		{B1D4491C-032E-467F-84D1-2F8F51C3A635}.Release|x86.ActiveCfg = Release|Win32
		{B1D4491C-032E-467F-84D1-2F8F51C3A635}.Release|x86.Build.0 = Release|Win32
		{A40DA3AC-D514-44E7-B2DE-8F1923DB64F1}.Debug|x64.ActiveCfg = Debug|x64
		{A40DA3AC-D514-44E7-B2DE-8F1923DB64F1}.Debug|x64.Build.0 = Debug|x64
		{A40DA3AC-D514-44E7-B2DE-8F1923DB64F1}.Debug|x86.ActiveCfg = Debug|Win32
		{A40DA3AC-D514-44E7-B2DE-8F1923DB64F1}.Debug|x86.Build.0 = Debug|Win32
		{A40DA3AC-D514-44E7-B2DE-8F1923DB64F1}.Release|x64.ActiveCfg = Release|x64
		{A40DA3AC-D514-44E7-B2DE-8F1923DB64F1}.Release|x64.Build.0 = Release|x64
		{A40DA3AC-D514-44E7-B2DE-8F1923DB64F1}.Release|x86.ActiveCfg = Release|Win32
		{A40DA3AC-D514-44E7-B2DE-8F1923DB64F1}.Release|x86.Build.0 = Release|Win32
		{6F6A2EB6-111E-4B97-8270-776D2602DD8C}.Debug|x64.ActiveCfg = Debug|x64
		{6F6A2EB6-111E-4B97-8270-776D2602DD8C}.Debug|x64.Build.0 = Debug|x64
		{6F6A2EB6-111E-4B97-8270-776D2602DD8C}.Debug|x86.ActiveCfg = Debug|Win32
		{6F6A2EB6-111E-4B97-8270-776D2602DD8C}.Debug|x86.Build.0 = Debug|Win32
		{6F6A2EB6-111E-4B97-8270-776D2602DD8C}.Release|x64.ActiveCfg = Release|x64
		{6F6A2EB6-111E-4B97-8270-776D2602DD8C}.Release|x64.Build.0 = Release|x64
		{6F6A2EB6-111E-4B97-8270-776D2602DD8C}.Release|x86.ActiveCfg = Release|Win32
		{6F6A2EB6-111E-4B97-8270-776D2602DD8C}.Release|x86.Build.0 = Release|Win32
		{5C52B122-A889-4B8F-8CC1-470959B8361A}.Debug|x64.ActiveCfg = Debug|x64
		{5C52B122-A889-4B8F-8CC1-470959B8361A}.Debug|x64.Build.0 = Debug|x64
		{5C52B122-A889-4B8F-8CC1-470959B8361A}.Debug|x86.ActiveCfg = Debug|Win32
		{5C52B122-A889-4B8F-8CC1-470959B8361A}.Debug|x86.Build.0 = Debug|Win32
		{5C52B122-A889-4B8F-8CC1-470959B8361A}.Release|x64.ActiveCfg = Release|x64
		{5C52B122-A889-4B8F-8CC1-470959B8361A}.Release|x64.Build.0 = Release|x64
		{5C52B122-A889-4B8F-8CC1-470959B8361A}.Release|x86.ActiveCfg = Release|Win32
		{5C52B122-A889-4B8F-8CC1-470959B8361A}.Release|x86.Build.0 = Release|Win32
		{1BDC3315-3181-4FEC-8CE6-31592ACC3F9C}.Debug|x64.ActiveCfg = Debug|x64
		{1BDC3315-3181-4FEC-8CE6-31592ACC3F9C}.Debug|x64.Build.0 = Debug|x64
		{1BDC3315-3181-4FEC-8CE6-31592ACC3F9C}.Debug|x86.ActiveCfg = Debug|Win32
		{1BDC3315-3181-4FEC-8CE6-31592ACC3F9C}.Debug|x86.Build.0 = Debug|Win32
		{1BDC3315-3181-4FEC-8CE6-31592ACC3F9C}.Release|x64.ActiveCfg = Release|x64
		{1BDC3315-3181-4FEC-8CE6-31592ACC3F9C}.Release|x64.Build.0 = Release|x64
		{1BDC3315-3181-4FEC-8CE6-31592ACC3F9C}.Release|x86.ActiveCfg = Release|Win32
		{1BDC3315-3181-4FEC-8CE6-31592ACC3F9C}.Release|x86.Build.0 = Release|Win32
		{24FFF3C2-B808-40BC-B5B7-129CB3C876F3}.Debug|x64.ActiveCfg = Debug|x64
		{24FFF3C2-B808-40BC-B5B7-129CB3C876F3}.Debug|x64.Build.0 = Debug|x64
		{24FFF3C2-B808-40BC-B5B7-129CB3C876F3}.Debug|x86.ActiveCfg = Debug|Win32
		{24FFF3C2-B808-40BC-B5B7-129CB3C876F3}.Debug|x86.Build.0 = Debug|Win32
		{24FFF3C2-B808-40BC-B5B7-129CB3C876F3}.Release|x64.ActiveCfg = Release|x64
		{24FFF3C2-B808-40BC-B5B7-129CB3C876F3}.Release|x64.Build.0 = Release|x64
		{24FFF3C2-B808-40BC-B5B7-129CB3C876F3}.Release|x86.ActiveCfg = Release|Win32
		{24FFF3C2-B808-40BC-B5B7-129CB3C876F3}.Release|x86.Build.0 = Release|Win32
		{39651EF9-FF50-4C54-AFD4-DC0B4B1A5582}.Debug|x64.ActiveCfg = Debug|x64
		{39651EF9-FF50-4C54-AFD4-DC0B4B1A5582}.Debug|x64.Build.0 = Debug|x64
		{39651EF9-FF50-4C54-AFD4-DC0B4B1A5582}.Debug|x86.ActiveCfg = Debug|Win32
		{39651EF9-FF50-4C54-AFD4-DC0B4B1A5582}.Debug|x86.Build.0 = Debug|Win32
		{39651EF9-FF50-4C54-AFD4-DC0B4B1A5582}.Release|x64.ActiveCfg = Release|x64
		{39651EF9-FF50-4C54-AFD4-DC0B4B1A5582}.Release|x64.Build.0 = Release|x64
		{39651EF9-FF50-4C54-AFD4-DC0B4B1A5582}.Release|x86.ActiveCfg = Release|Win32
		{39651EF9-FF50-4C54-AFD4-DC0B4B1A5582}.Release|x86.Build.0 = Release|Win32
		{A2CEC07C-779A-4CDB-888D-6F3BB0F8826B}.Debug|x64.ActiveCfg = Debug|x64
		{A2CEC07C-779A-4CDB-888D-6F3BB0F8826B}.Debug|x64.Build.0 = Debug|x64
		{A2CEC07C-779A-4CDB-888D-6F3BB0F8826B}.Debug|x86.ActiveCfg = Debug|Win32
		{A2CEC07C-779A-4CDB-888D-6F3BB0F8826B}.Debug|x86.Build.0 = Debug|Win32
		{A2CEC07C-779A-4CDB-888D-6F3BB0F8826B}.Release|x64.ActiveCfg = Release|x64
		{A2CEC07C-779A-4CDB-888D-6F3BB0F8826B}.Release|x64.Build.0 = Release|x64
		{A2CEC07C-779A-4CDB-888D-6F3BB0F8826B}.Release|x86.ActiveCfg = Release|Win32
		{A2CEC07C-779A-4CDB-888D-6F3BB0F8826B}.Release|x86.Build.0 = Release|Win32
		{1F209B91-D1A5-4F8D-8AF8-B44E89458EEA}.Debug|x64.ActiveCfg = Debug|x64
		{1F209B91-D1A5-4F8D-8AF8-B44E89458EEA}.Debug|x64.Build.0 = Debug|x64
		{1F209B91-D1A5-4F8D-8AF8-B44E89458EEA}.Debug|x86.ActiveCfg = Debug|Win32
		{1F209B91-D1A5-4F8D-8AF8-B44E89458EEA}.Debug|x86.Build.0 = Debug|Win32
		{1F209B91-D1A5-4F8D-8AF8-B44E89458EEA}.Release|x64.ActiveCfg = Release|x64
		{1F209B91-D1A5-4F8D-8AF8-B44E89458EEA}.Release|x64.Build.0 = Release|x64
		{1F209B91-D1A5-4F8D-8AF8-B44E89458EEA}.Release|x86.ActiveCfg = Release|Win32
		{1F209B91-D1A5-4F8D-8AF8-B44E89458EEA}.Release|x86.Build.0 = Release|Win32
		{E6E09287-7165-4432-8B36-6AC0AF04A4EE}.Debug|x64.ActiveCfg = Debug|x64
		{E6E09287-7165-4432-8B36-6AC0AF04A4EE}.Debug|x64.Build.0 = Debug|x64
		{E6E09287-7165-4432-8B36-6AC0AF04A4EE}.Debug|x86.ActiveCfg = Debug|Win32
		{E6E09287-7165-4432-8B36-6AC0AF04A4EE}.Debug|x86.Build.0 = Debug|Win32
		{E6E09287-7165-4432-8B36-6AC0AF04A4EE}.Release|x64.ActiveCfg = Release|x64
		{E6E09287-7165-4432-8B36-6AC0AF04A4EE}.Release|x64.Build.0 = Release|x64
		{E6E09287-7165-4432-8B36-6AC0AF04A4EE}.Release|x86.ActiveCfg = Release|Win32
		{E6E09287-7165-4432-8B36-6AC0AF04A4EE}.Release|x86.Build.0 = Release|Win32
		{99A64A00-1B8F-4F0A-BC2E-A70166AEE415}.Debug|x64.ActiveCfg = Debug|x64
		{99A64A00-1B8F-4F0A-BC2E-A70166AEE415}.Debug|x64.Build.0 = Debug|x64
		{99A64A00-1B8F-4F0A-BC2E-A70166AEE415}.Debug|x86.ActiveCfg = Debug|Win32
		{99A64A00-1B8F-4F0A-BC2E-A70166AEE415}.Debug|x86.Build.0 = Debug|Win32
		{99A64A00-1B8F-4F0A-BC2E-A70166AEE415}.Release|x64.ActiveCfg = Release|x64
		{99A64A00-1B8F-4F0A-BC2E-A70166AEE415}.Release|x64.Build.0 = Release|x64
		{99A64A00-1B8F-4F0A-BC2E-A70166AEE415}.Release|x86.ActiveCfg = Release|Win32
		{99A64A00-1B8F-4F0A-BC2E-A70166AEE415}.Release|x86.Build.0 = Release|Win32
		{2E78C4AD-8C86-4AAA-85F9-939A60FB0750}.Debug|x64.ActiveCfg = Debug|x64
		{2E78C4AD-8C86-4AAA-85F9-939A60FB0750}.Debug|x64.Build.0 = Debug|x64
		{2E78C4AD-8C86-4AAA-85F9-939A60FB0750}.Debug|x86.ActiveCfg = Debug|Win32
		{2E78C4AD-8C86-4AAA-85F9-939A60FB0750}.Debug|x86.Build.0 = Debug|Win32
		{2E78C4AD-8C86-4AAA-85F9-939A60FB0750}.Release|x64.ActiveCfg = Release|x64
		{2E78C4AD-8C86-4AAA-85F9-939A60FB0750}.Release|x64.Build.0 = Release|x64
		{2E78C4AD-8C86-4AAA-85F9-939A60FB0750}.Release|x86.ActiveCfg = Release|Win32
		{2E78C4AD-8C86-4AAA-85F9-939A60FB0750}.Release|x86.Build.0 = Release|Win32
		{110F9593-DC01-4824-9716-1320B44248F1}.Debug|x64.ActiveCfg = Debug|x64
		{110F9593-DC01-4824-9716-1320B44248F1}.Debug|x64.Build.0 = Debug|x64
		{110F9593-DC01-4824-9716-1320B44248F1}.Debug|x86.ActiveCfg = Debug|Win32
		{110F9593-DC01-4824-9716-1320B44248F1}.Debug|x86.Build.0 = Debug|Win32
		{110F9593-DC01-4824-9716-1320B44248F1}.Release|x64.ActiveCfg = Release|x64
		{110F9593-DC01-4824-9716-1320B44248F1}.Release|x64.Build.0 = Release|x64
		{110F9593-DC01-4824-9716-1320B44248F1}.Release|x86.ActiveCfg = Release|Win32
		{110F9593-DC01-4824-9716-1320B44248F1}.Release|x86.Build.0 = Release|Win32
		{A08E95CB-86FC-4179-84DD-2963C5BC884D}.Debug|x64.ActiveCfg = Debug|x64
		{A08E95CB-86FC-4179-84DD-2963C5BC884D}.Debug|x64.Build.0 = Debug|x64
		{A08E95CB-86FC-4179-84DD-2963C5BC884D}.Debug|x86.ActiveCfg = Debug|Win32
		{A08E95CB-86FC-4179-84DD-2963C5BC884D}.Debug|x86.Build.0 = Debug|Win32
		{A08E95CB-86FC-4179-84DD-2963C5BC884D}.Release|x64.ActiveCfg = Release|x64
		{A08E95CB-86FC-4179-84DD-2963C5BC884D}.Release|x64.Build.0 = Release|x64
		{A08E95CB-86FC-4179-84DD-2963C5BC884D}.Release|x86.ActiveCfg = Release|Win32
		{A08E95CB-86FC-4179-84DD-2963C5BC884D}.Release|x86.Build.0 = Release|Win32
		{E413C21A-F4D6-4A62-AAA8-3D35BF989073}.Debug|x64.ActiveCfg = Debug|x64
		{E413C21A-F4D6-4A62-AAA8-3D35BF989073}.Debug|x64.Build.0 = Debug|x64
		{E413C21A-F4D6-4A62-AAA8-3D35BF989073}.Debug|x86.ActiveCfg = Debug|Win32
		{E413C21A-F4D6-4A62-AAA8-3D35BF989073}.Debug|x86.Build.0 = Debug|Win32
		{E413C21A-F4D6-4A62-AAA8-3D35BF989073}.Release|x64.ActiveCfg = Release|x64
		{E413C21A-F4D6-4A62-AAA8-3D35BF989073}.Release|x64.Build.0 = Release|x64
		{E413C21A-F4D6-4A62-AAA8-3D35BF989073}.Release|x86.ActiveCfg = Release|Win32
		{E413C21A-F4D6-4A62-AAA8-3D35BF989073}.Release|x86.Build.0 = Release|Win32
		{7CDFFBE4-5D3A-4CDC-ABFF-C6ACED7E1E3C}.Debug|x64.ActiveCfg = Debug|x64
		{7CDFFBE4-5D3A-4CDC-ABFF-C6ACED7E1E3C}.Debug|x64.Build.0 = Debug|x64
		{7CDFFBE4-5D3A-4CDC-ABFF-C6ACED7E1E3C}.Debug|x86.ActiveCfg = Debug|Win32
		{7CDFFBE4-5D3A-4CDC-ABFF-C6ACED7E1E3C}.Debug|x86.Build.0 = Debug|Win32
		{7CDFFBE4-5D3A-4CDC-ABFF-C6ACED7E1E3C}.Release|x64.ActiveCfg = Release|x64
		{7CDFFBE4-5D3A-4CDC-ABFF-C6ACED7E1E3C}.Release|x64.Build.0 = Release|x64
		{7CDFFBE4-5D3A-4CDC-ABFF-C6ACED7E1E3C}.Release|x86.ActiveCfg = Release|Win32
		{7CDFFBE4-5D3A-4CDC-ABFF-C6ACED7E1E3C}.Release|x86.Build.0 = Release|Win32
		{8A7D9E78-2E85-436B-8909-90FBCF2A06ED}.Debug|x64.ActiveCfg = Debug|x64
		{8A7D9E78-2E85-436B-8909-90FBCF2A06ED}.Debug|x64.Build.0 = Debug|x64
		{8A7D9E78-2E85-436B-8909-90FBCF2A06ED}.Debug|x86.ActiveCfg = Debug|Win32
		{8A7D9E78-2E85-436B-8909-90FBCF2A06ED}.Debug|x86.Build.0 = Debug|Win32
		{8A7D9E78-2E85-436B-8909-90FBCF2A06ED}.Release|x64.ActiveCfg = Release|x64
		{8A7D9E78-2E85-436B-8909-90FBCF2A06ED}.Release|x64.Build.0 = Release|x64
		{8A7D9E78-2E85-436B-8909-90FBCF2A06ED}.Release|x86.ActiveCfg = Release|Win32
		{8A7D9E78-2E85-436B-8909-90FBCF2A06ED}.Release|x86.Build.0 = Release|Win32
		{0E026056-5CE5-4DDF-9662-7C3E3C3C98CC}.Debug|x64.ActiveCfg = Debug|x64
		{0E026056-5CE5-4DDF-9662-7C3E3C3C98CC}.Debug|x64.Build.0 = Debug|x64
		{0E026056-5CE5-4DDF-9662-7C3E3C3C98CC}.Debug|x86.ActiveCfg = Debug|Win32
		{0E026056-5CE5-4DDF-9662-7C3E3C3C98CC}.Debug|x86.Build.0 = Debug|Win32
		{0E026056-5CE5-4DDF-9662-7C3E3C3C98CC}.Release|x64.ActiveCfg = Release|x64
		{0E026056-5CE5-4DDF-9662-7C3E3C3C98CC}.Release|x64.Build.0 = Release|x64
		{0E026056-5CE5-4DDF-9662-7C3E3C3C98CC}.Release|x86.ActiveCfg = Release|Win32
		{0E026056-5CE5-4DDF-9662-7C3E3C3C98CC}.Release|x86.Build.0 = Release|Win32
		{F2E51E88-B172-4737-BEC4-542DDC7C09EC}.Debug|x64.ActiveCfg = Debug|x64
		{F2E51E88-B172-4737-BEC4-542DDC7C09EC}.Debug|x64.Build.0 = Debug|x64
		{F2E51E88-B172-4737-BEC4-542DDC7C09EC}.Debug|x86.ActiveCfg = Debug|Win32
		{F2E51E88-B172-4737-BEC4-542DDC7C09EC}.Debug|x86.Build.0 = Debug|Win32
		{F2E51E88-B172-4737-BEC4-542DDC7C09EC}.Release|x64.ActiveCfg = Release|x64
		{F2E51E88-B172-4737-BEC4-542DDC7C09EC}.Release|x64.Build.0 = Release|x64
		{F2E51E88-B172-4737-BEC4-542DDC7C09EC}.Release|x86.ActiveCfg = Release|Win32
		{F2E51E88-B172-4737-BEC4-542DDC7C09EC}.Release|x86.Build.0 = Release|Win32
	EndGlobalSection
	GlobalSection(SolutionProperties) = preSolution
		HideSolutionNode = FALSE
	EndGlobalSection
	GlobalSection(ExtensibilityGlobals) = postSolution
		SolutionGuid = {5A4C1B6E-A1CD-4911-8385-1C7261E854A0}
	EndGlobalSection
EndGlobal
