
Microsoft Visual Studio Solution File, Format Version 12.00
# Visual Studio 15
VisualStudioVersion = 15.0.28307.136
MinimumVisualStudioVersion = 10.0.40219.1
Project("{8BC9CEB8-8B4A-11D0-8D11-00A0C91BC942}") = "11：旋转数组的最小数字", "11：旋转数组的最小数字\11：旋转数组的最小数字.vcxproj", "{672D2ACE-9529-433D-81A0-3664345FC63B}"
EndProject
Project("{8BC9CEB8-8B4A-11D0-8D11-00A0C91BC942}") = "12：矩阵中的路径", "12：矩阵中的路径\12：矩阵中的路径.vcxproj", "{DF8B9B25-5737-45CC-B30D-870623A083AC}"
EndProject
Project("{8BC9CEB8-8B4A-11D0-8D11-00A0C91BC942}") = "13：机器人的运动范围", "13：机器人的运动范围\13：机器人的运动范围.vcxproj", "{BEC78C56-6F1C-4F9C-A85D-FB92FA893374}"
EndProject
Project("{8BC9CEB8-8B4A-11D0-8D11-00A0C91BC942}") = "14：剪绳子", "14：剪绳子\14：剪绳子.vcxproj", "{D1B273CE-C50F-4924-8F1C-911535AE8085}"
EndProject
Project("{8BC9CEB8-8B4A-11D0-8D11-00A0C91BC942}") = "15：二进制中1的个数", "15：二进制中1的个数\15：二进制中1的个数.vcxproj", "{4EBC0E40-49A9-46FA-840E-7D4C7625BBB3}"
EndProject
Project("{8BC9CEB8-8B4A-11D0-8D11-00A0C91BC942}") = "16：数值的整数次方", "16：数值的整数次方\16：数值的整数次方.vcxproj", "{3AD4F07C-BE81-46F9-A2A1-8F3F7FB90911}"
EndProject
Project("{8BC9CEB8-8B4A-11D0-8D11-00A0C91BC942}") = "17：打印从1到最大的n位数", "17：打印从1到最大的n位数\17：打印从1到最大的n位数.vcxproj", "{07B7867E-1F89-4E29-B044-E9D15C4E8155}"
EndProject
Project("{8BC9CEB8-8B4A-11D0-8D11-00A0C91BC942}") = "18：删除链表中的节点", "18：删除链表中的节点\18：删除链表中的节点.vcxproj", "{082E13C0-63AE-4112-A787-CD22A9A11AE3}"
EndProject
Project("{8BC9CEB8-8B4A-11D0-8D11-00A0C91BC942}") = "19：正则表达式匹配", "19：正则表达式匹配\19：正则表达式匹配.vcxproj", "{67925CF3-0F60-4900-80C3-BB9E9A423B27}"
EndProject
Project("{8BC9CEB8-8B4A-11D0-8D11-00A0C91BC942}") = "20：表示数值的字符串", "20：表示数值的字符串\20：表示数值的字符串.vcxproj", "{8618319F-5982-4CAA-88C8-AB25AA354D98}"
EndProject
Project("{8BC9CEB8-8B4A-11D0-8D11-00A0C91BC942}") = "21：调整数组顺序使奇数位于偶数前面", "21：调整数组顺序使奇数位于偶数前面\21：调整数组顺序使奇数位于偶数前面.vcxproj", "{464BEA43-F4EB-4969-B8E2-C0704FA5BCE7}"
EndProject
Project("{8BC9CEB8-8B4A-11D0-8D11-00A0C91BC942}") = "22：链表中倒数第k个节点", "22：链表中倒数第k个节点\22：链表中倒数第k个节点.vcxproj", "{B237AC67-3103-4921-9C5A-1062C1B703E1}"
EndProject
Project("{8BC9CEB8-8B4A-11D0-8D11-00A0C91BC942}") = "23：链表中环的入口节点", "23：链表中环的入口节点\23：链表中环的入口节点.vcxproj", "{045B3112-EC72-474E-BE51-B6D4C6C36EB2}"
EndProject
Project("{8BC9CEB8-8B4A-11D0-8D11-00A0C91BC942}") = "24：反转链表", "24：反转链表\24：反转链表.vcxproj", "{0B6A83AE-8F40-4799-A8C3-0213A1C7B73A}"
EndProject
Project("{8BC9CEB8-8B4A-11D0-8D11-00A0C91BC942}") = "25：合并两个排序的链表", "面试题25：合并两个排序的链表\面试题25：合并两个排序的链表.vcxproj", "{6C825F22-FA88-4E07-B894-DD67CCC668A4}"
EndProject
Project("{8BC9CEB8-8B4A-11D0-8D11-00A0C91BC942}") = "26：树的子结构", "26：树的子结构\26：树的子结构.vcxproj", "{D4AB2E93-69BC-4FA2-8750-FCAD179BDC86}"
EndProject
Global
	GlobalSection(SolutionConfigurationPlatforms) = preSolution
		Debug|x64 = Debug|x64
		Debug|x86 = Debug|x86
		Release|x64 = Release|x64
		Release|x86 = Release|x86
	EndGlobalSection
	GlobalSection(ProjectConfigurationPlatforms) = postSolution
		{672D2ACE-9529-433D-81A0-3664345FC63B}.Debug|x64.ActiveCfg = Debug|x64
		{672D2ACE-9529-433D-81A0-3664345FC63B}.Debug|x64.Build.0 = Debug|x64
		{672D2ACE-9529-433D-81A0-3664345FC63B}.Debug|x86.ActiveCfg = Debug|Win32
		{672D2ACE-9529-433D-81A0-3664345FC63B}.Debug|x86.Build.0 = Debug|Win32
		{672D2ACE-9529-433D-81A0-3664345FC63B}.Release|x64.ActiveCfg = Release|x64
		{672D2ACE-9529-433D-81A0-3664345FC63B}.Release|x64.Build.0 = Release|x64
		{672D2ACE-9529-433D-81A0-3664345FC63B}.Release|x86.ActiveCfg = Release|Win32
		{672D2ACE-9529-433D-81A0-3664345FC63B}.Release|x86.Build.0 = Release|Win32
		{DF8B9B25-5737-45CC-B30D-870623A083AC}.Debug|x64.ActiveCfg = Debug|x64
		{DF8B9B25-5737-45CC-B30D-870623A083AC}.Debug|x64.Build.0 = Debug|x64
		{DF8B9B25-5737-45CC-B30D-870623A083AC}.Debug|x86.ActiveCfg = Debug|Win32
		{DF8B9B25-5737-45CC-B30D-870623A083AC}.Debug|x86.Build.0 = Debug|Win32
		{DF8B9B25-5737-45CC-B30D-870623A083AC}.Release|x64.ActiveCfg = Release|x64
		{DF8B9B25-5737-45CC-B30D-870623A083AC}.Release|x64.Build.0 = Release|x64
		{DF8B9B25-5737-45CC-B30D-870623A083AC}.Release|x86.ActiveCfg = Release|Win32
		{DF8B9B25-5737-45CC-B30D-870623A083AC}.Release|x86.Build.0 = Release|Win32
		{BEC78C56-6F1C-4F9C-A85D-FB92FA893374}.Debug|x64.ActiveCfg = Debug|x64
		{BEC78C56-6F1C-4F9C-A85D-FB92FA893374}.Debug|x64.Build.0 = Debug|x64
		{BEC78C56-6F1C-4F9C-A85D-FB92FA893374}.Debug|x86.ActiveCfg = Debug|Win32
		{BEC78C56-6F1C-4F9C-A85D-FB92FA893374}.Debug|x86.Build.0 = Debug|Win32
		{BEC78C56-6F1C-4F9C-A85D-FB92FA893374}.Release|x64.ActiveCfg = Release|x64
		{BEC78C56-6F1C-4F9C-A85D-FB92FA893374}.Release|x64.Build.0 = Release|x64
		{BEC78C56-6F1C-4F9C-A85D-FB92FA893374}.Release|x86.ActiveCfg = Release|Win32
		{BEC78C56-6F1C-4F9C-A85D-FB92FA893374}.Release|x86.Build.0 = Release|Win32
		{D1B273CE-C50F-4924-8F1C-911535AE8085}.Debug|x64.ActiveCfg = Debug|x64
		{D1B273CE-C50F-4924-8F1C-911535AE8085}.Debug|x64.Build.0 = Debug|x64
		{D1B273CE-C50F-4924-8F1C-911535AE8085}.Debug|x86.ActiveCfg = Debug|Win32
		{D1B273CE-C50F-4924-8F1C-911535AE8085}.Debug|x86.Build.0 = Debug|Win32
		{D1B273CE-C50F-4924-8F1C-911535AE8085}.Release|x64.ActiveCfg = Release|x64
		{D1B273CE-C50F-4924-8F1C-911535AE8085}.Release|x64.Build.0 = Release|x64
		{D1B273CE-C50F-4924-8F1C-911535AE8085}.Release|x86.ActiveCfg = Release|Win32
		{D1B273CE-C50F-4924-8F1C-911535AE8085}.Release|x86.Build.0 = Release|Win32
		{4EBC0E40-49A9-46FA-840E-7D4C7625BBB3}.Debug|x64.ActiveCfg = Debug|x64
		{4EBC0E40-49A9-46FA-840E-7D4C7625BBB3}.Debug|x64.Build.0 = Debug|x64
		{4EBC0E40-49A9-46FA-840E-7D4C7625BBB3}.Debug|x86.ActiveCfg = Debug|Win32
		{4EBC0E40-49A9-46FA-840E-7D4C7625BBB3}.Debug|x86.Build.0 = Debug|Win32
		{4EBC0E40-49A9-46FA-840E-7D4C7625BBB3}.Release|x64.ActiveCfg = Release|x64
		{4EBC0E40-49A9-46FA-840E-7D4C7625BBB3}.Release|x64.Build.0 = Release|x64
		{4EBC0E40-49A9-46FA-840E-7D4C7625BBB3}.Release|x86.ActiveCfg = Release|Win32
		{4EBC0E40-49A9-46FA-840E-7D4C7625BBB3}.Release|x86.Build.0 = Release|Win32
		{3AD4F07C-BE81-46F9-A2A1-8F3F7FB90911}.Debug|x64.ActiveCfg = Debug|x64
		{3AD4F07C-BE81-46F9-A2A1-8F3F7FB90911}.Debug|x64.Build.0 = Debug|x64
		{3AD4F07C-BE81-46F9-A2A1-8F3F7FB90911}.Debug|x86.ActiveCfg = Debug|Win32
		{3AD4F07C-BE81-46F9-A2A1-8F3F7FB90911}.Debug|x86.Build.0 = Debug|Win32
		{3AD4F07C-BE81-46F9-A2A1-8F3F7FB90911}.Release|x64.ActiveCfg = Release|x64
		{3AD4F07C-BE81-46F9-A2A1-8F3F7FB90911}.Release|x64.Build.0 = Release|x64
		{3AD4F07C-BE81-46F9-A2A1-8F3F7FB90911}.Release|x86.ActiveCfg = Release|Win32
		{3AD4F07C-BE81-46F9-A2A1-8F3F7FB90911}.Release|x86.Build.0 = Release|Win32
		{07B7867E-1F89-4E29-B044-E9D15C4E8155}.Debug|x64.ActiveCfg = Debug|x64
		{07B7867E-1F89-4E29-B044-E9D15C4E8155}.Debug|x64.Build.0 = Debug|x64
		{07B7867E-1F89-4E29-B044-E9D15C4E8155}.Debug|x86.ActiveCfg = Debug|Win32
		{07B7867E-1F89-4E29-B044-E9D15C4E8155}.Debug|x86.Build.0 = Debug|Win32
		{07B7867E-1F89-4E29-B044-E9D15C4E8155}.Release|x64.ActiveCfg = Release|x64
		{07B7867E-1F89-4E29-B044-E9D15C4E8155}.Release|x64.Build.0 = Release|x64
		{07B7867E-1F89-4E29-B044-E9D15C4E8155}.Release|x86.ActiveCfg = Release|Win32
		{07B7867E-1F89-4E29-B044-E9D15C4E8155}.Release|x86.Build.0 = Release|Win32
		{082E13C0-63AE-4112-A787-CD22A9A11AE3}.Debug|x64.ActiveCfg = Debug|x64
		{082E13C0-63AE-4112-A787-CD22A9A11AE3}.Debug|x64.Build.0 = Debug|x64
		{082E13C0-63AE-4112-A787-CD22A9A11AE3}.Debug|x86.ActiveCfg = Debug|Win32
		{082E13C0-63AE-4112-A787-CD22A9A11AE3}.Debug|x86.Build.0 = Debug|Win32
		{082E13C0-63AE-4112-A787-CD22A9A11AE3}.Release|x64.ActiveCfg = Release|x64
		{082E13C0-63AE-4112-A787-CD22A9A11AE3}.Release|x64.Build.0 = Release|x64
		{082E13C0-63AE-4112-A787-CD22A9A11AE3}.Release|x86.ActiveCfg = Release|Win32
		{082E13C0-63AE-4112-A787-CD22A9A11AE3}.Release|x86.Build.0 = Release|Win32
		{67925CF3-0F60-4900-80C3-BB9E9A423B27}.Debug|x64.ActiveCfg = Debug|x64
		{67925CF3-0F60-4900-80C3-BB9E9A423B27}.Debug|x64.Build.0 = Debug|x64
		{67925CF3-0F60-4900-80C3-BB9E9A423B27}.Debug|x86.ActiveCfg = Debug|Win32
		{67925CF3-0F60-4900-80C3-BB9E9A423B27}.Debug|x86.Build.0 = Debug|Win32
		{67925CF3-0F60-4900-80C3-BB9E9A423B27}.Release|x64.ActiveCfg = Release|x64
		{67925CF3-0F60-4900-80C3-BB9E9A423B27}.Release|x64.Build.0 = Release|x64
		{67925CF3-0F60-4900-80C3-BB9E9A423B27}.Release|x86.ActiveCfg = Release|Win32
		{67925CF3-0F60-4900-80C3-BB9E9A423B27}.Release|x86.Build.0 = Release|Win32
		{8618319F-5982-4CAA-88C8-AB25AA354D98}.Debug|x64.ActiveCfg = Debug|x64
		{8618319F-5982-4CAA-88C8-AB25AA354D98}.Debug|x64.Build.0 = Debug|x64
		{8618319F-5982-4CAA-88C8-AB25AA354D98}.Debug|x86.ActiveCfg = Debug|Win32
		{8618319F-5982-4CAA-88C8-AB25AA354D98}.Debug|x86.Build.0 = Debug|Win32
		{8618319F-5982-4CAA-88C8-AB25AA354D98}.Release|x64.ActiveCfg = Release|x64
		{8618319F-5982-4CAA-88C8-AB25AA354D98}.Release|x64.Build.0 = Release|x64
		{8618319F-5982-4CAA-88C8-AB25AA354D98}.Release|x86.ActiveCfg = Release|Win32
		{8618319F-5982-4CAA-88C8-AB25AA354D98}.Release|x86.Build.0 = Release|Win32
		{464BEA43-F4EB-4969-B8E2-C0704FA5BCE7}.Debug|x64.ActiveCfg = Debug|x64
		{464BEA43-F4EB-4969-B8E2-C0704FA5BCE7}.Debug|x64.Build.0 = Debug|x64
		{464BEA43-F4EB-4969-B8E2-C0704FA5BCE7}.Debug|x86.ActiveCfg = Debug|Win32
		{464BEA43-F4EB-4969-B8E2-C0704FA5BCE7}.Debug|x86.Build.0 = Debug|Win32
		{464BEA43-F4EB-4969-B8E2-C0704FA5BCE7}.Release|x64.ActiveCfg = Release|x64
		{464BEA43-F4EB-4969-B8E2-C0704FA5BCE7}.Release|x64.Build.0 = Release|x64
		{464BEA43-F4EB-4969-B8E2-C0704FA5BCE7}.Release|x86.ActiveCfg = Release|Win32
		{464BEA43-F4EB-4969-B8E2-C0704FA5BCE7}.Release|x86.Build.0 = Release|Win32
		{B237AC67-3103-4921-9C5A-1062C1B703E1}.Debug|x64.ActiveCfg = Debug|x64
		{B237AC67-3103-4921-9C5A-1062C1B703E1}.Debug|x64.Build.0 = Debug|x64
		{B237AC67-3103-4921-9C5A-1062C1B703E1}.Debug|x86.ActiveCfg = Debug|Win32
		{B237AC67-3103-4921-9C5A-1062C1B703E1}.Debug|x86.Build.0 = Debug|Win32
		{B237AC67-3103-4921-9C5A-1062C1B703E1}.Release|x64.ActiveCfg = Release|x64
		{B237AC67-3103-4921-9C5A-1062C1B703E1}.Release|x64.Build.0 = Release|x64
		{B237AC67-3103-4921-9C5A-1062C1B703E1}.Release|x86.ActiveCfg = Release|Win32
		{B237AC67-3103-4921-9C5A-1062C1B703E1}.Release|x86.Build.0 = Release|Win32
		{045B3112-EC72-474E-BE51-B6D4C6C36EB2}.Debug|x64.ActiveCfg = Debug|x64
		{045B3112-EC72-474E-BE51-B6D4C6C36EB2}.Debug|x64.Build.0 = Debug|x64
		{045B3112-EC72-474E-BE51-B6D4C6C36EB2}.Debug|x86.ActiveCfg = Debug|Win32
		{045B3112-EC72-474E-BE51-B6D4C6C36EB2}.Debug|x86.Build.0 = Debug|Win32
		{045B3112-EC72-474E-BE51-B6D4C6C36EB2}.Release|x64.ActiveCfg = Release|x64
		{045B3112-EC72-474E-BE51-B6D4C6C36EB2}.Release|x64.Build.0 = Release|x64
		{045B3112-EC72-474E-BE51-B6D4C6C36EB2}.Release|x86.ActiveCfg = Release|Win32
		{045B3112-EC72-474E-BE51-B6D4C6C36EB2}.Release|x86.Build.0 = Release|Win32
		{0B6A83AE-8F40-4799-A8C3-0213A1C7B73A}.Debug|x64.ActiveCfg = Debug|x64
		{0B6A83AE-8F40-4799-A8C3-0213A1C7B73A}.Debug|x64.Build.0 = Debug|x64
		{0B6A83AE-8F40-4799-A8C3-0213A1C7B73A}.Debug|x86.ActiveCfg = Debug|Win32
		{0B6A83AE-8F40-4799-A8C3-0213A1C7B73A}.Debug|x86.Build.0 = Debug|Win32
		{0B6A83AE-8F40-4799-A8C3-0213A1C7B73A}.Release|x64.ActiveCfg = Release|x64
		{0B6A83AE-8F40-4799-A8C3-0213A1C7B73A}.Release|x64.Build.0 = Release|x64
		{0B6A83AE-8F40-4799-A8C3-0213A1C7B73A}.Release|x86.ActiveCfg = Release|Win32
		{0B6A83AE-8F40-4799-A8C3-0213A1C7B73A}.Release|x86.Build.0 = Release|Win32
		{6C825F22-FA88-4E07-B894-DD67CCC668A4}.Debug|x64.ActiveCfg = Debug|x64
		{6C825F22-FA88-4E07-B894-DD67CCC668A4}.Debug|x64.Build.0 = Debug|x64
		{6C825F22-FA88-4E07-B894-DD67CCC668A4}.Debug|x86.ActiveCfg = Debug|Win32
		{6C825F22-FA88-4E07-B894-DD67CCC668A4}.Debug|x86.Build.0 = Debug|Win32
		{6C825F22-FA88-4E07-B894-DD67CCC668A4}.Release|x64.ActiveCfg = Release|x64
		{6C825F22-FA88-4E07-B894-DD67CCC668A4}.Release|x64.Build.0 = Release|x64
		{6C825F22-FA88-4E07-B894-DD67CCC668A4}.Release|x86.ActiveCfg = Release|Win32
		{6C825F22-FA88-4E07-B894-DD67CCC668A4}.Release|x86.Build.0 = Release|Win32
		{D4AB2E93-69BC-4FA2-8750-FCAD179BDC86}.Debug|x64.ActiveCfg = Debug|x64
		{D4AB2E93-69BC-4FA2-8750-FCAD179BDC86}.Debug|x64.Build.0 = Debug|x64
		{D4AB2E93-69BC-4FA2-8750-FCAD179BDC86}.Debug|x86.ActiveCfg = Debug|Win32
		{D4AB2E93-69BC-4FA2-8750-FCAD179BDC86}.Debug|x86.Build.0 = Debug|Win32
		{D4AB2E93-69BC-4FA2-8750-FCAD179BDC86}.Release|x64.ActiveCfg = Release|x64
		{D4AB2E93-69BC-4FA2-8750-FCAD179BDC86}.Release|x64.Build.0 = Release|x64
		{D4AB2E93-69BC-4FA2-8750-FCAD179BDC86}.Release|x86.ActiveCfg = Release|Win32
		{D4AB2E93-69BC-4FA2-8750-FCAD179BDC86}.Release|x86.Build.0 = Release|Win32
	EndGlobalSection
	GlobalSection(SolutionProperties) = preSolution
		HideSolutionNode = FALSE
	EndGlobalSection
	GlobalSection(ExtensibilityGlobals) = postSolution
		SolutionGuid = {5A4C1B6E-A1CD-4911-8385-1C7261E854A0}
	EndGlobalSection
EndGlobal
